# @generated - this file is auto-generated by `mise lock` https://mise.jdx.dev/dev-tools/mise-lock.html

[[tools.agy]]
version = "1.2.4"
backend = "aqua:google-antigravity/antigravity-cli"

[tools.agy."platforms.linux-x64"]
checksum = "sha256:dcd3e4d8c8afb1902d59c1ae52812458d2ddab67a5d2db44810c512910d918fe"
url = "https://github.com/google-antigravity/antigravity-cli/releases/download/1.2.4/agy_cli_linux_x64.tar.gz"
url_api = "https://api.github.com/repos/google-antigravity/antigravity-cli/releases/assets/567120982"

[tools.agy."platforms.linux-x64-baseline"]
checksum = "sha256:dcd3e4d8c8afb1902d59c1ae52812458d2ddab67a5d2db44810c512910d918fe"
url = "https://github.com/google-antigravity/antigravity-cli/releases/download/1.2.4/agy_cli_linux_x64.tar.gz"
url_api = "https://api.github.com/repos/google-antigravity/antigravity-cli/releases/assets/567120982"

[tools.agy."platforms.linux-x64-musl"]
checksum = "sha256:dcd3e4d8c8afb1902d59c1ae52812458d2ddab67a5d2db44810c512910d918fe"
url = "https://github.com/google-antigravity/antigravity-cli/releases/download/1.2.4/agy_cli_linux_x64.tar.gz"
url_api = "https://api.github.com/repos/google-antigravity/antigravity-cli/releases/assets/567120982"

[tools.agy."platforms.linux-x64-musl-baseline"]
checksum = "sha256:dcd3e4d8c8afb1902d59c1ae52812458d2ddab67a5d2db44810c512910d918fe"
url = "https://github.com/google-antigravity/antigravity-cli/releases/download/1.2.4/agy_cli_linux_x64.tar.gz"
url_api = "https://api.github.com/repos/google-antigravity/antigravity-cli/releases/assets/567120982"

[[tools.aube]]
version = "2.2.17"
backend = "aqua:jdx/aube"

[tools.aube."platforms.linux-x64"]
checksum = "sha256:ee4f05a2989e6cbe55b306097cbb53da9f908789acb027e62c430de2f7e22c2f"
url = "https://github.com/aubepkg/aube/releases/download/v2.2.17/aube-v2.2.17-x86_64-unknown-linux-gnu.tar.gz"
url_api = "https://api.github.com/repos/aubepkg/aube/releases/assets/566068152"
provenance = "github-attestations"
signer = "sigstore-oidc:https://github.com/aubepkg/aube/.github/workflows/release-plz.yml"

[tools.aube."platforms.linux-x64-baseline"]
checksum = "sha256:ee4f05a2989e6cbe55b306097cbb53da9f908789acb027e62c430de2f7e22c2f"
url = "https://github.com/aubepkg/aube/releases/download/v2.2.17/aube-v2.2.17-x86_64-unknown-linux-gnu.tar.gz"
url_api = "https://api.github.com/repos/aubepkg/aube/releases/assets/566068152"
provenance = "github-attestations"
signer = "sigstore-oidc:https://github.com/aubepkg/aube/.github/workflows/release-plz.yml"

[tools.aube."platforms.linux-x64-musl"]
checksum = "sha256:6ec5a6bb93ded45db61445bd4b730b63be002cde442af8eecfc02a84a27dd221"
url = "https://github.com/aubepkg/aube/releases/download/v2.2.17/aube-v2.2.17-x86_64-unknown-linux-musl.tar.gz"
url_api = "https://api.github.com/repos/aubepkg/aube/releases/assets/566065871"
provenance = "github-attestations"
signer = "sigstore-oidc:https://github.com/aubepkg/aube/.github/workflows/release-plz.yml"

[tools.aube."platforms.linux-x64-musl-baseline"]
checksum = "sha256:6ec5a6bb93ded45db61445bd4b730b63be002cde442af8eecfc02a84a27dd221"
url = "https://github.com/aubepkg/aube/releases/download/v2.2.17/aube-v2.2.17-x86_64-unknown-linux-musl.tar.gz"
url_api = "https://api.github.com/repos/aubepkg/aube/releases/assets/566065871"
provenance = "github-attestations"
signer = "sigstore-oidc:https://github.com/aubepkg/aube/.github/workflows/release-plz.yml"

[[tools.bazel]]
version = "9.2.0"
backend = "aqua:bazelbuild/bazel"

[tools.bazel."platforms.linux-x64"]
checksum = "sha256:7668a95db1250f12c40407251e4e203b4ec8bf39bc495d2f485b2d8c99048694"
url = "https://github.com/bazelbuild/bazel/releases/download/9.2.0/bazel-9.2.0-linux-x86_64"
url_api = "https://api.github.com/repos/bazelbuild/bazel/releases/assets/475879151"

[tools.bazel."platforms.linux-x64-baseline"]
checksum = "sha256:7668a95db1250f12c40407251e4e203b4ec8bf39bc495d2f485b2d8c99048694"
url = "https://github.com/bazelbuild/bazel/releases/download/9.2.0/bazel-9.2.0-linux-x86_64"
url_api = "https://api.github.com/repos/bazelbuild/bazel/releases/assets/475879151"

[tools.bazel."platforms.linux-x64-musl"]
checksum = "sha256:7668a95db1250f12c40407251e4e203b4ec8bf39bc495d2f485b2d8c99048694"
url = "https://github.com/bazelbuild/bazel/releases/download/9.2.0/bazel-9.2.0-linux-x86_64"
url_api = "https://api.github.com/repos/bazelbuild/bazel/releases/assets/475879151"

[tools.bazel."platforms.linux-x64-musl-baseline"]
checksum = "sha256:7668a95db1250f12c40407251e4e203b4ec8bf39bc495d2f485b2d8c99048694"
url = "https://github.com/bazelbuild/bazel/releases/download/9.2.0/bazel-9.2.0-linux-x86_64"
url_api = "https://api.github.com/repos/bazelbuild/bazel/releases/assets/475879151"

[[tools.bun]]
version = "1.4.2"
backend = "core:bun"

[tools.bun."platforms.linux-x64"]
checksum = "sha256:36368faef7527875d5ffa52e53cd48021741f2a83eb6208a8dd64068d422a913"
url = "https://github.com/oven-sh/bun/releases/download/bun-v1.4.2/bun-linux-x64.zip"

[tools.bun."platforms.linux-x64-baseline"]
checksum = "sha256:c678040f14fe0440eb839d37cbd0ce4c051a32da72806ac97de6a6aab6bf728f"
url = "https://github.com/oven-sh/bun/releases/download/bun-v1.4.2/bun-linux-x64-baseline.zip"

[tools.bun."platforms.linux-x64-musl"]
checksum = "sha256:4835eca59d6da70f4674f5642f6e459dcadab773695b2ed9922d131057989742"
url = "https://github.com/oven-sh/bun/releases/download/bun-v1.4.2/bun-linux-x64-musl.zip"

[tools.bun."platforms.linux-x64-musl-baseline"]
checksum = "sha256:76e1db84e98f22f78de0a87e309bfbbf297732847f9720db36750646c85c8c18"
url = "https://github.com/oven-sh/bun/releases/download/bun-v1.4.2/bun-linux-x64-musl-baseline.zip"

[[tools."cargo:mdv"]]
version = "5.1.0"
backend = "cargo:mdv"

[[tools."cargo:ytkew"]]
version = "0.1.0"
backend = "cargo:ytkew"

[[tools.elixir]]
version = "1.20.4-otp-29"
backend = "core:elixir"

[tools.elixir."platforms.linux-x64"]
checksum = "sha256:7863c546cda13fecc949e562e326042451dacf8fd8698a36783cb71eeb223b46"
url = "https://builds.hex.pm/builds/elixir/v1.20.4-otp-29.zip"

[tools.elixir."platforms.linux-x64-baseline"]
checksum = "sha256:7863c546cda13fecc949e562e326042451dacf8fd8698a36783cb71eeb223b46"
url = "https://builds.hex.pm/builds/elixir/v1.20.4-otp-29.zip"

[tools.elixir."platforms.linux-x64-musl"]
checksum = "sha256:7863c546cda13fecc949e562e326042451dacf8fd8698a36783cb71eeb223b46"
url = "https://builds.hex.pm/builds/elixir/v1.20.4-otp-29.zip"

[tools.elixir."platforms.linux-x64-musl-baseline"]
checksum = "sha256:7863c546cda13fecc949e562e326042451dacf8fd8698a36783cb71eeb223b46"
url = "https://builds.hex.pm/builds/elixir/v1.20.4-otp-29.zip"

[[tools.erlang]]
version = "29.0.6"
backend = "core:erlang"

[tools.erlang."platforms.linux-x64"]
checksum = "sha256:36c89ffdac9d7531c19be0cee34355b167ea95188625d32bee61ebf49ac82afa"
url = "https://github.com/erlang/otp/releases/download/OTP-29.0.6/otp_src_29.0.6.tar.gz"
url_api = "https://api.github.com/repos/erlang/otp/releases/assets/539623111"
install = "source"

[tools.erlang."platforms.linux-x64-baseline"]
checksum = "sha256:36c89ffdac9d7531c19be0cee34355b167ea95188625d32bee61ebf49ac82afa"
url = "https://github.com/erlang/otp/releases/download/OTP-29.0.6/otp_src_29.0.6.tar.gz"
url_api = "https://api.github.com/repos/erlang/otp/releases/assets/539623111"
install = "source"

[tools.erlang."platforms.linux-x64-musl"]
checksum = "sha256:36c89ffdac9d7531c19be0cee34355b167ea95188625d32bee61ebf49ac82afa"
url = "https://github.com/erlang/otp/releases/download/OTP-29.0.6/otp_src_29.0.6.tar.gz"
url_api = "https://api.github.com/repos/erlang/otp/releases/assets/539623111"
install = "source"

[tools.erlang."platforms.linux-x64-musl-baseline"]
checksum = "sha256:36c89ffdac9d7531c19be0cee34355b167ea95188625d32bee61ebf49ac82afa"
url = "https://github.com/erlang/otp/releases/download/OTP-29.0.6/otp_src_29.0.6.tar.gz"
url_api = "https://api.github.com/repos/erlang/otp/releases/assets/539623111"
install = "source"

[[tools.expert]]
version = "0.1.10"
backend = "aqua:expert-lsp/expert"

[tools.expert."platforms.linux-x64"]
checksum = "sha256:af29d5270503263139f10fccb597430feb0c510da48386821b176fbfdfe33f8d"
url = "https://github.com/expert-lsp/expert/releases/download/v0.1.10/expert_linux_amd64"
url_api = "https://api.github.com/repos/expert-lsp/expert/releases/assets/550638685"

[tools.expert."platforms.linux-x64-baseline"]
checksum = "sha256:af29d5270503263139f10fccb597430feb0c510da48386821b176fbfdfe33f8d"
url = "https://github.com/expert-lsp/expert/releases/download/v0.1.10/expert_linux_amd64"
url_api = "https://api.github.com/repos/expert-lsp/expert/releases/assets/550638685"

[tools.expert."platforms.linux-x64-musl"]
checksum = "sha256:af29d5270503263139f10fccb597430feb0c510da48386821b176fbfdfe33f8d"
url = "https://github.com/expert-lsp/expert/releases/download/v0.1.10/expert_linux_amd64"
url_api = "https://api.github.com/repos/expert-lsp/expert/releases/assets/550638685"

[tools.expert."platforms.linux-x64-musl-baseline"]
checksum = "sha256:af29d5270503263139f10fccb597430feb0c510da48386821b176fbfdfe33f8d"
url = "https://github.com/expert-lsp/expert/releases/download/v0.1.10/expert_linux_amd64"
url_api = "https://api.github.com/repos/expert-lsp/expert/releases/assets/550638685"

[[tools."github:neovim/neovim"]]
version = "nightly"
backend = "github:neovim/neovim"

[tools."github:neovim/neovim".options]
asset_pattern = "nvim-linux-x86_64.tar.gz"

[tools."github:neovim/neovim"."platforms.linux-x64"]
checksum = "sha256:531c8270e0c408561c7dbaf3f1be942631afc46fd75a65037a42a6eb75f8768f"
url = "https://github.com/neovim/neovim/releases/download/nightly/nvim-linux-x86_64.tar.gz"
url_api = "https://api.github.com/repos/neovim/neovim/releases/assets/574142525"

[tools."github:neovim/neovim"."platforms.linux-x64-baseline"]
checksum = "sha256:531c8270e0c408561c7dbaf3f1be942631afc46fd75a65037a42a6eb75f8768f"
url = "https://github.com/neovim/neovim/releases/download/nightly/nvim-linux-x86_64.tar.gz"
url_api = "https://api.github.com/repos/neovim/neovim/releases/assets/574142525"

[tools."github:neovim/neovim"."platforms.linux-x64-musl"]
checksum = "sha256:531c8270e0c408561c7dbaf3f1be942631afc46fd75a65037a42a6eb75f8768f"
url = "https://github.com/neovim/neovim/releases/download/nightly/nvim-linux-x86_64.tar.gz"
url_api = "https://api.github.com/repos/neovim/neovim/releases/assets/574142525"

[tools."github:neovim/neovim"."platforms.linux-x64-musl-baseline"]
checksum = "sha256:531c8270e0c408561c7dbaf3f1be942631afc46fd75a65037a42a6eb75f8768f"
url = "https://github.com/neovim/neovim/releases/download/nightly/nvim-linux-x86_64.tar.gz"
url_api = "https://api.github.com/repos/neovim/neovim/releases/assets/574142525"

[[tools."github:psmux/Tmux-Plugin-Panel"]]
version = "0.1.1"
backend = "github:psmux/Tmux-Plugin-Panel"

[tools."github:psmux/Tmux-Plugin-Panel".options]
asset_pattern = "tmuxpanel-v{{ version }}-linux-x64.tar.gz"

[tools."github:psmux/Tmux-Plugin-Panel"."platforms.linux-x64"]
checksum = "sha256:c040ebdc96991b218297fc2a714a4a151dd900a7bf6ff125155ba254867f46eb"
url = "https://github.com/psmux/Tmux-Plugin-Panel/releases/download/v0.1.1/tmuxpanel-v0.1.1-linux-x64.tar.gz"
url_api = "https://api.github.com/repos/psmux/Tmux-Plugin-Panel/releases/assets/366857421"

[tools."github:psmux/Tmux-Plugin-Panel"."platforms.linux-x64-baseline"]
checksum = "sha256:c040ebdc96991b218297fc2a714a4a151dd900a7bf6ff125155ba254867f46eb"
url = "https://github.com/psmux/Tmux-Plugin-Panel/releases/download/v0.1.1/tmuxpanel-v0.1.1-linux-x64.tar.gz"
url_api = "https://api.github.com/repos/psmux/Tmux-Plugin-Panel/releases/assets/366857421"

[tools."github:psmux/Tmux-Plugin-Panel"."platforms.linux-x64-musl"]
checksum = "sha256:c040ebdc96991b218297fc2a714a4a151dd900a7bf6ff125155ba254867f46eb"
url = "https://github.com/psmux/Tmux-Plugin-Panel/releases/download/v0.1.1/tmuxpanel-v0.1.1-linux-x64.tar.gz"
url_api = "https://api.github.com/repos/psmux/Tmux-Plugin-Panel/releases/assets/366857421"

[tools."github:psmux/Tmux-Plugin-Panel"."platforms.linux-x64-musl-baseline"]
checksum = "sha256:c040ebdc96991b218297fc2a714a4a151dd900a7bf6ff125155ba254867f46eb"
url = "https://github.com/psmux/Tmux-Plugin-Panel/releases/download/v0.1.1/tmuxpanel-v0.1.1-linux-x64.tar.gz"
url_api = "https://api.github.com/repos/psmux/Tmux-Plugin-Panel/releases/assets/366857421"

[[tools.herdr]]
version = "0.9.0"
backend = "aqua:herdrdev/herdr"

[tools.herdr."platforms.linux-x64"]
checksum = "sha256:4fa1a01158dd8043da92d31b270780b0dcc10603038d9b61cac4d81ab63fb71f"
url = "https://github.com/herdrdev/herdr/releases/download/v0.9.0/herdr-linux-x86_64"
url_api = "https://api.github.com/repos/herdrdev/herdr/releases/assets/549270163"

[tools.herdr."platforms.linux-x64-baseline"]
checksum = "sha256:4fa1a01158dd8043da92d31b270780b0dcc10603038d9b61cac4d81ab63fb71f"
url = "https://github.com/herdrdev/herdr/releases/download/v0.9.0/herdr-linux-x86_64"
url_api = "https://api.github.com/repos/herdrdev/herdr/releases/assets/549270163"

[tools.herdr."platforms.linux-x64-musl"]
checksum = "sha256:4fa1a01158dd8043da92d31b270780b0dcc10603038d9b61cac4d81ab63fb71f"
url = "https://github.com/herdrdev/herdr/releases/download/v0.9.0/herdr-linux-x86_64"
url_api = "https://api.github.com/repos/herdrdev/herdr/releases/assets/549270163"

[tools.herdr."platforms.linux-x64-musl-baseline"]
checksum = "sha256:4fa1a01158dd8043da92d31b270780b0dcc10603038d9b61cac4d81ab63fb71f"
url = "https://github.com/herdrdev/herdr/releases/download/v0.9.0/herdr-linux-x86_64"
url_api = "https://api.github.com/repos/herdrdev/herdr/releases/assets/549270163"

[[tools."http:winbox"]]
version = "4.4"
backend = "http:winbox"

[tools."http:winbox"."platforms.linux-x64"]
checksum = "sha256:49b1faabab55804c491aa2947efbade967815d53df7698cc7876a0c1d636cdc1"
url = "https://download.mikrotik.com/routeros/winbox/4.4/WinBox_Linux.zip"

[tools."http:winbox"."platforms.linux-x64-baseline"]
checksum = "sha256:49b1faabab55804c491aa2947efbade967815d53df7698cc7876a0c1d636cdc1"
url = "https://download.mikrotik.com/routeros/winbox/4.4/WinBox_Linux.zip"

[tools."http:winbox"."platforms.linux-x64-musl"]
checksum = "sha256:49b1faabab55804c491aa2947efbade967815d53df7698cc7876a0c1d636cdc1"
url = "https://download.mikrotik.com/routeros/winbox/4.4/WinBox_Linux.zip"

[tools."http:winbox"."platforms.linux-x64-musl-baseline"]
checksum = "sha256:49b1faabab55804c491aa2947efbade967815d53df7698cc7876a0c1d636cdc1"
url = "https://download.mikrotik.com/routeros/winbox/4.4/WinBox_Linux.zip"

[[tools.java]]
version = "openjdk-17.0.2"
backend = "core:java"

[tools.java."platforms.linux-x64"]
checksum = "sha256:0022753d0cceecacdd3a795dd4cea2bd7ffdf9dc06e22ffd1be98411742fbb44"
url = "https://download.java.net/java/GA/jdk17.0.2/dfd4a8d0985749f896bed50d7138ee7f/8/GPL/openjdk-17.0.2_linux-x64_bin.tar.gz"

[tools.java."platforms.linux-x64-baseline"]
checksum = "sha256:0022753d0cceecacdd3a795dd4cea2bd7ffdf9dc06e22ffd1be98411742fbb44"
url = "https://download.java.net/java/GA/jdk17.0.2/dfd4a8d0985749f896bed50d7138ee7f/8/GPL/openjdk-17.0.2_linux-x64_bin.tar.gz"

[[tools.jq]]
version = "1.8.2"
backend = "aqua:jqlang/jq"

[tools.jq."platforms.linux-x64"]
checksum = "sha256:b1c22172dd303f3be49e935aa56aa48a8b7a46e0bc838b4997d3bb451495870f"
url = "https://github.com/jqlang/jq/releases/download/jq-1.8.2/jq-linux-amd64"
url_api = "https://api.github.com/repos/jqlang/jq/releases/assets/453012752"
provenance = "github-attestations"

[tools.jq."platforms.linux-x64-baseline"]
checksum = "sha256:b1c22172dd303f3be49e935aa56aa48a8b7a46e0bc838b4997d3bb451495870f"
url = "https://github.com/jqlang/jq/releases/download/jq-1.8.2/jq-linux-amd64"
url_api = "https://api.github.com/repos/jqlang/jq/releases/assets/453012752"
provenance = "github-attestations"

[tools.jq."platforms.linux-x64-musl"]
checksum = "sha256:b1c22172dd303f3be49e935aa56aa48a8b7a46e0bc838b4997d3bb451495870f"
url = "https://github.com/jqlang/jq/releases/download/jq-1.8.2/jq-linux-amd64"
url_api = "https://api.github.com/repos/jqlang/jq/releases/assets/453012752"
provenance = "github-attestations"

[tools.jq."platforms.linux-x64-musl-baseline"]
checksum = "sha256:b1c22172dd303f3be49e935aa56aa48a8b7a46e0bc838b4997d3bb451495870f"
url = "https://github.com/jqlang/jq/releases/download/jq-1.8.2/jq-linux-amd64"
url_api = "https://api.github.com/repos/jqlang/jq/releases/assets/453012752"
provenance = "github-attestations"

[[tools.kotlin]]
version = "2.1.0"
backend = "asdf:mise-plugins/mise-kotlin"

[[tools.neovim]]
version = "nightly"
backend = "github:neovim/neovim"

[tools.neovim."platforms.linux-x64"]
checksum = "sha256:531c8270e0c408561c7dbaf3f1be942631afc46fd75a65037a42a6eb75f8768f"
url = "https://github.com/neovim/neovim/releases/download/nightly/nvim-linux-x86_64.tar.gz"
url_api = "https://api.github.com/repos/neovim/neovim/releases/assets/574142525"

[tools.neovim."platforms.linux-x64-baseline"]
checksum = "sha256:531c8270e0c408561c7dbaf3f1be942631afc46fd75a65037a42a6eb75f8768f"
url = "https://github.com/neovim/neovim/releases/download/nightly/nvim-linux-x86_64.tar.gz"
url_api = "https://api.github.com/repos/neovim/neovim/releases/assets/574142525"

[tools.neovim."platforms.linux-x64-musl"]
checksum = "sha256:531c8270e0c408561c7dbaf3f1be942631afc46fd75a65037a42a6eb75f8768f"
url = "https://github.com/neovim/neovim/releases/download/nightly/nvim-linux-x86_64.tar.gz"
url_api = "https://api.github.com/repos/neovim/neovim/releases/assets/574142525"

[tools.neovim."platforms.linux-x64-musl-baseline"]
checksum = "sha256:531c8270e0c408561c7dbaf3f1be942631afc46fd75a65037a42a6eb75f8768f"
url = "https://github.com/neovim/neovim/releases/download/nightly/nvim-linux-x86_64.tar.gz"
url_api = "https://api.github.com/repos/neovim/neovim/releases/assets/574142525"

[[tools.node]]
version = "26.9.0"
backend = "core:node"

[tools.node."platforms.linux-x64"]
checksum = "sha256:03d9104fc4f19652e74480fed11c023d75981464b7292f21a601c3f95ce7d90d"
url = "https://nodejs.org/dist/v26.9.0/node-v26.9.0-linux-x64.tar.gz"

[tools.node."platforms.linux-x64-baseline"]
checksum = "sha256:03d9104fc4f19652e74480fed11c023d75981464b7292f21a601c3f95ce7d90d"
url = "https://nodejs.org/dist/v26.9.0/node-v26.9.0-linux-x64.tar.gz"

[tools.node."platforms.linux-x64-musl"]
checksum = "sha256:669dd67ec374f7315dbac9e119641d0e4f371519e00c4b692f1f81e7a04b747c"
url = "https://unofficial-builds.nodejs.org/download/release/v26.9.0/node-v26.9.0-linux-x64-musl.tar.gz"

[tools.node."platforms.linux-x64-musl-baseline"]
checksum = "sha256:669dd67ec374f7315dbac9e119641d0e4f371519e00c4b692f1f81e7a04b747c"
url = "https://unofficial-builds.nodejs.org/download/release/v26.9.0/node-v26.9.0-linux-x64-musl.tar.gz"

[[tools."npm:oxlint-tsgolint"]]
version = "7.0.2001"
backend = "npm:oxlint-tsgolint"

[[tools.oxfmt]]
version = "apps_v1.79.0"
backend = "github:oxc-project/oxc"

[tools.oxfmt.options]
matching = "oxfmt"

[tools.oxfmt."platforms.linux-x64"]
checksum = "sha256:2a2db83b8ab3eb61f4af1d561ac26fd1b4b52e6bc4eac99fc94455d778ec07db"
url = "https://github.com/oxc-project/oxc/releases/download/apps_v1.79.0/oxfmt-x86_64-unknown-linux-gnu.tar.gz"
url_api = "https://api.github.com/repos/oxc-project/oxc/releases/assets/519609903"
provenance = "github-attestations"
provenance_verified = true

[tools.oxfmt."platforms.linux-x64-baseline"]
checksum = "sha256:2a2db83b8ab3eb61f4af1d561ac26fd1b4b52e6bc4eac99fc94455d778ec07db"
url = "https://github.com/oxc-project/oxc/releases/download/apps_v1.79.0/oxfmt-x86_64-unknown-linux-gnu.tar.gz"
url_api = "https://api.github.com/repos/oxc-project/oxc/releases/assets/519609903"
provenance = "github-attestations"

[tools.oxfmt."platforms.linux-x64-musl"]
checksum = "sha256:d663c954e09d49056795c2055a10614d21b306f6f01399f1e472577b5d2ff339"
url = "https://github.com/oxc-project/oxc/releases/download/apps_v1.79.0/oxfmt-x86_64-unknown-linux-musl.tar.gz"
url_api = "https://api.github.com/repos/oxc-project/oxc/releases/assets/519609911"
provenance = "github-attestations"

[tools.oxfmt."platforms.linux-x64-musl-baseline"]
checksum = "sha256:d663c954e09d49056795c2055a10614d21b306f6f01399f1e472577b5d2ff339"
url = "https://github.com/oxc-project/oxc/releases/download/apps_v1.79.0/oxfmt-x86_64-unknown-linux-musl.tar.gz"
url_api = "https://api.github.com/repos/oxc-project/oxc/releases/assets/519609911"
provenance = "github-attestations"

[[tools.oxlint]]
version = "apps_v1.79.0"
backend = "github:oxc-project/oxc"

[tools.oxlint.options]
matching = "oxlint"

[tools.oxlint."platforms.linux-x64"]
checksum = "sha256:c7ddeff22c8d5ebd23648ff0917dd67a85178d86937acc3300ff4e974faaa042"
url = "https://github.com/oxc-project/oxc/releases/download/apps_v1.79.0/oxlint-x86_64-unknown-linux-gnu.tar.gz"
url_api = "https://api.github.com/repos/oxc-project/oxc/releases/assets/519609967"
provenance = "github-attestations"
provenance_verified = true

[tools.oxlint."platforms.linux-x64-baseline"]
checksum = "sha256:c7ddeff22c8d5ebd23648ff0917dd67a85178d86937acc3300ff4e974faaa042"
url = "https://github.com/oxc-project/oxc/releases/download/apps_v1.79.0/oxlint-x86_64-unknown-linux-gnu.tar.gz"
url_api = "https://api.github.com/repos/oxc-project/oxc/releases/assets/519609967"
provenance = "github-attestations"

[tools.oxlint."platforms.linux-x64-musl"]
checksum = "sha256:cdecc9297885c2e88c510c52d32f880cdd3e7372041d654fde2525be5235492a"
url = "https://github.com/oxc-project/oxc/releases/download/apps_v1.79.0/oxlint-x86_64-unknown-linux-musl.tar.gz"
url_api = "https://api.github.com/repos/oxc-project/oxc/releases/assets/519609969"
provenance = "github-attestations"

[tools.oxlint."platforms.linux-x64-musl-baseline"]
checksum = "sha256:cdecc9297885c2e88c510c52d32f880cdd3e7372041d654fde2525be5235492a"
url = "https://github.com/oxc-project/oxc/releases/download/apps_v1.79.0/oxlint-x86_64-unknown-linux-musl.tar.gz"
url_api = "https://api.github.com/repos/oxc-project/oxc/releases/assets/519609969"
provenance = "github-attestations"

[[tools.pitchfork]]
version = "2.25.0"
backend = "aqua:jdx/pitchfork"

[tools.pitchfork."platforms.linux-x64"]
checksum = "sha256:7ce68158201430d3f5bb5b6c96778e3f638abfa209147713b0392f54bfadef4a"
url = "https://github.com/jdx/pitchfork/releases/download/v2.25.0/pitchfork-x86_64-unknown-linux-gnu.tar.gz"
url_api = "https://api.github.com/repos/jdx/pitchfork/releases/assets/557424504"
signer = "sigstore-oidc:https://github.com/jdx/pitchfork/.github/workflows/release.yml"

[tools.pitchfork."platforms.linux-x64-baseline"]
checksum = "sha256:7ce68158201430d3f5bb5b6c96778e3f638abfa209147713b0392f54bfadef4a"
url = "https://github.com/jdx/pitchfork/releases/download/v2.25.0/pitchfork-x86_64-unknown-linux-gnu.tar.gz"
url_api = "https://api.github.com/repos/jdx/pitchfork/releases/assets/557424504"
signer = "sigstore-oidc:https://github.com/jdx/pitchfork/.github/workflows/release.yml"

[[tools.pnpm]]
version = "12.4.2"
backend = "aqua:pnpm/pnpm"

[tools.pnpm."platforms.linux-x64"]
checksum = "sha256:ce1ed690fe9c2f091d7267e1afbe9380abb08bb577e95348fda194a41147d2ec"
url = "https://github.com/pnpm/pnpm/releases/download/v12.4.2/pnpm-linux-x64.tar.gz"
url_api = "https://api.github.com/repos/pnpm/pnpm/releases/assets/565468079"
provenance = "github-attestations"

[tools.pnpm."platforms.linux-x64-baseline"]
checksum = "sha256:ce1ed690fe9c2f091d7267e1afbe9380abb08bb577e95348fda194a41147d2ec"
url = "https://github.com/pnpm/pnpm/releases/download/v12.4.2/pnpm-linux-x64.tar.gz"
url_api = "https://api.github.com/repos/pnpm/pnpm/releases/assets/565468079"
provenance = "github-attestations"

[tools.pnpm."platforms.linux-x64-musl"]
checksum = "sha256:5ac22f6d1da756482490a10b3be1b929a62fa1022a5b034b37856fab609cbd6c"
url = "https://github.com/pnpm/pnpm/releases/download/v12.4.2/pnpm-linux-x64-musl.tar.gz"
url_api = "https://api.github.com/repos/pnpm/pnpm/releases/assets/565468072"
provenance = "github-attestations"

[tools.pnpm."platforms.linux-x64-musl-baseline"]
checksum = "sha256:5ac22f6d1da756482490a10b3be1b929a62fa1022a5b034b37856fab609cbd6c"
url = "https://github.com/pnpm/pnpm/releases/download/v12.4.2/pnpm-linux-x64-musl.tar.gz"
url_api = "https://api.github.com/repos/pnpm/pnpm/releases/assets/565468072"
provenance = "github-attestations"

[[tools.rust]]
version = "1.98.1"
backend = "core:rust"

[[tools.sesh]]
version = "2.28.0"
backend = "github:joshmedeski/sesh"

[tools.sesh."platforms.linux-x64"]
checksum = "sha256:ac4a0b07f0be4cbb13691a197055ac82e00341e77b915d878df8ad2bcc867fda"
url = "https://github.com/joshmedeski/sesh/releases/download/v2.28.0/sesh_Linux_x86_64.tar.gz"
url_api = "https://api.github.com/repos/joshmedeski/sesh/releases/assets/490857157"

[tools.sesh."platforms.linux-x64-baseline"]
checksum = "sha256:ac4a0b07f0be4cbb13691a197055ac82e00341e77b915d878df8ad2bcc867fda"
url = "https://github.com/joshmedeski/sesh/releases/download/v2.28.0/sesh_Linux_x86_64.tar.gz"
url_api = "https://api.github.com/repos/joshmedeski/sesh/releases/assets/490857157"

[tools.sesh."platforms.linux-x64-musl"]
checksum = "sha256:ac4a0b07f0be4cbb13691a197055ac82e00341e77b915d878df8ad2bcc867fda"
url = "https://github.com/joshmedeski/sesh/releases/download/v2.28.0/sesh_Linux_x86_64.tar.gz"
url_api = "https://api.github.com/repos/joshmedeski/sesh/releases/assets/490857157"

[tools.sesh."platforms.linux-x64-musl-baseline"]
checksum = "sha256:ac4a0b07f0be4cbb13691a197055ac82e00341e77b915d878df8ad2bcc867fda"
url = "https://github.com/joshmedeski/sesh/releases/download/v2.28.0/sesh_Linux_x86_64.tar.gz"
url_api = "https://api.github.com/repos/joshmedeski/sesh/releases/assets/490857157"

[[tools.tmuxpanel]]
version = "0.1.1"
backend = "github:psmux/Tmux-Plugin-Panel"

[tools.tmuxpanel.options]
asset_pattern = "tmuxpanel-v{{ version }}-linux-x64.tar.gz"

[tools.tmuxpanel."platforms.linux-x64"]
checksum = "sha256:c040ebdc96991b218297fc2a714a4a151dd900a7bf6ff125155ba254867f46eb"
url = "https://github.com/psmux/Tmux-Plugin-Panel/releases/download/v0.1.1/tmuxpanel-v0.1.1-linux-x64.tar.gz"
url_api = "https://api.github.com/repos/psmux/Tmux-Plugin-Panel/releases/assets/366857421"

[tools.tmuxpanel."platforms.linux-x64-baseline"]
checksum = "sha256:c040ebdc96991b218297fc2a714a4a151dd900a7bf6ff125155ba254867f46eb"
url = "https://github.com/psmux/Tmux-Plugin-Panel/releases/download/v0.1.1/tmuxpanel-v0.1.1-linux-x64.tar.gz"
url_api = "https://api.github.com/repos/psmux/Tmux-Plugin-Panel/releases/assets/366857421"

[tools.tmuxpanel."platforms.linux-x64-musl"]
checksum = "sha256:c040ebdc96991b218297fc2a714a4a151dd900a7bf6ff125155ba254867f46eb"
url = "https://github.com/psmux/Tmux-Plugin-Panel/releases/download/v0.1.1/tmuxpanel-v0.1.1-linux-x64.tar.gz"
url_api = "https://api.github.com/repos/psmux/Tmux-Plugin-Panel/releases/assets/366857421"

[tools.tmuxpanel."platforms.linux-x64-musl-baseline"]
checksum = "sha256:c040ebdc96991b218297fc2a714a4a151dd900a7bf6ff125155ba254867f46eb"
url = "https://github.com/psmux/Tmux-Plugin-Panel/releases/download/v0.1.1/tmuxpanel-v0.1.1-linux-x64.tar.gz"
url_api = "https://api.github.com/repos/psmux/Tmux-Plugin-Panel/releases/assets/366857421"

[[tools.usage]]
version = "6.9.1"
backend = "aqua:jdx/usage"

[tools.usage."platforms.linux-x64"]
checksum = "sha256:8e1cafb10fe2ddee8c18076c09dea4c89ee2d25ac2c0ec5158fda5b8d4e02222"
url = "https://github.com/jdx/usage/releases/download/v6.9.1/usage-x86_64-unknown-linux-gnu.tar.gz"
url_api = "https://api.github.com/repos/jdx/usage/releases/assets/563244013"
signer = "sigstore-oidc:https://github.com/jdx/usage/.github/workflows/publish-cli.yml"

[tools.usage."platforms.linux-x64-baseline"]
checksum = "sha256:8e1cafb10fe2ddee8c18076c09dea4c89ee2d25ac2c0ec5158fda5b8d4e02222"
url = "https://github.com/jdx/usage/releases/download/v6.9.1/usage-x86_64-unknown-linux-gnu.tar.gz"
url_api = "https://api.github.com/repos/jdx/usage/releases/assets/563244013"
signer = "sigstore-oidc:https://github.com/jdx/usage/.github/workflows/publish-cli.yml"

[tools.usage."platforms.linux-x64-musl"]
checksum = "sha256:3132b763f01e3cd346ebfedeff2e4e78f9a098eec1f3754b6db4ccfcda79aaf2"
url = "https://github.com/jdx/usage/releases/download/v6.9.1/usage-x86_64-unknown-linux-musl.tar.gz"
url_api = "https://api.github.com/repos/jdx/usage/releases/assets/563244740"
signer = "sigstore-oidc:https://github.com/jdx/usage/.github/workflows/publish-cli.yml"

[tools.usage."platforms.linux-x64-musl-baseline"]
checksum = "sha256:3132b763f01e3cd346ebfedeff2e4e78f9a098eec1f3754b6db4ccfcda79aaf2"
url = "https://github.com/jdx/usage/releases/download/v6.9.1/usage-x86_64-unknown-linux-musl.tar.gz"
url_api = "https://api.github.com/repos/jdx/usage/releases/assets/563244740"
signer = "sigstore-oidc:https://github.com/jdx/usage/.github/workflows/publish-cli.yml"

[[tools.uv]]
version = "0.12.15"
backend = "aqua:astral-sh/uv"

[tools.uv."platforms.linux-x64"]
checksum = "sha256:f97935763c04be3e692460a7aaeaaab8fc3b78fcf8b389da820b38ae7423a638"
url = "https://github.com/astral-sh/uv/releases/download/0.12.15/uv-x86_64-unknown-linux-gnu.tar.gz"
url_api = "https://api.github.com/repos/astral-sh/uv/releases/assets/565630898"
provenance = "github-attestations"

[tools.uv."platforms.linux-x64-baseline"]
checksum = "sha256:f97935763c04be3e692460a7aaeaaab8fc3b78fcf8b389da820b38ae7423a638"
url = "https://github.com/astral-sh/uv/releases/download/0.12.15/uv-x86_64-unknown-linux-gnu.tar.gz"
url_api = "https://api.github.com/repos/astral-sh/uv/releases/assets/565630898"
provenance = "github-attestations"

[tools.uv."platforms.linux-x64-musl"]
checksum = "sha256:999c0c3da986953e508985c3932d283d2c62eb167b4f8d81e79f565e34104959"
url = "https://github.com/astral-sh/uv/releases/download/0.12.15/uv-x86_64-unknown-linux-musl.tar.gz"
url_api = "https://api.github.com/repos/astral-sh/uv/releases/assets/565630904"
provenance = "github-attestations"

[tools.uv."platforms.linux-x64-musl-baseline"]
checksum = "sha256:999c0c3da986953e508985c3932d283d2c62eb167b4f8d81e79f565e34104959"
url = "https://github.com/astral-sh/uv/releases/download/0.12.15/uv-x86_64-unknown-linux-musl.tar.gz"
url_api = "https://api.github.com/repos/astral-sh/uv/releases/assets/565630904"
provenance = "github-attestations"

[[tools.vite-plus]]
version = "0.2.9"
backend = "github:voidzero-dev/vite-plus"

[tools.vite-plus.options]
matching = "vp"

[tools.vite-plus."platforms.linux-x64"]
checksum = "sha256:51c66dac43f2e750dce9ad512cc3e7008dd3d1a3304dd99818dea01bd38b97be"
url = "https://github.com/voidzero-dev/vite-plus/releases/download/v0.2.9/vp-x86_64-unknown-linux-gnu.tar.gz"
url_api = "https://api.github.com/repos/voidzero-dev/vite-plus/releases/assets/510977987"
provenance = "github-attestations"
provenance_verified = true

[tools.vite-plus."platforms.linux-x64-baseline"]
checksum = "sha256:51c66dac43f2e750dce9ad512cc3e7008dd3d1a3304dd99818dea01bd38b97be"
url = "https://github.com/voidzero-dev/vite-plus/releases/download/v0.2.9/vp-x86_64-unknown-linux-gnu.tar.gz"
url_api = "https://api.github.com/repos/voidzero-dev/vite-plus/releases/assets/510977987"
provenance = "github-attestations"

[tools.vite-plus."platforms.linux-x64-musl"]
checksum = "sha256:71328a4c6cefbc4cc2c9f7c729855ed3f7c7f44865cf9c926c62d0d74f76ccc8"
url = "https://github.com/voidzero-dev/vite-plus/releases/download/v0.2.9/vp-x86_64-unknown-linux-musl.tar.gz"
url_api = "https://api.github.com/repos/voidzero-dev/vite-plus/releases/assets/510977989"
provenance = "github-attestations"

[tools.vite-plus."platforms.linux-x64-musl-baseline"]
checksum = "sha256:71328a4c6cefbc4cc2c9f7c729855ed3f7c7f44865cf9c926c62d0d74f76ccc8"
url = "https://github.com/voidzero-dev/vite-plus/releases/download/v0.2.9/vp-x86_64-unknown-linux-musl.tar.gz"
url_api = "https://api.github.com/repos/voidzero-dev/vite-plus/releases/assets/510977989"
provenance = "github-attestations"

[[tools.watchexec]]
version = "2.7.3"
backend = "aqua:watchexec/watchexec"

[tools.watchexec."platforms.linux-x64"]
checksum = "sha256:8ace3a1d2e752d189f28b6766311d58f155ab977fae66aba60b111ec8aec2f64"
url = "https://github.com/watchexec/watchexec/releases/download/v2.7.3/watchexec-2.7.3-x86_64-unknown-linux-gnu.tar.xz"
url_api = "https://api.github.com/repos/watchexec/watchexec/releases/assets/565495660"

[tools.watchexec."platforms.linux-x64-baseline"]
checksum = "sha256:8ace3a1d2e752d189f28b6766311d58f155ab977fae66aba60b111ec8aec2f64"
url = "https://github.com/watchexec/watchexec/releases/download/v2.7.3/watchexec-2.7.3-x86_64-unknown-linux-gnu.tar.xz"
url_api = "https://api.github.com/repos/watchexec/watchexec/releases/assets/565495660"

[tools.watchexec."platforms.linux-x64-musl"]
checksum = "sha256:b5bcd00ae3ebb53f7ea5d499fdf98bda14711589a7ecc0619e1847586beaa24d"
url = "https://github.com/watchexec/watchexec/releases/download/v2.7.3/watchexec-2.7.3-x86_64-unknown-linux-musl.tar.xz"
url_api = "https://api.github.com/repos/watchexec/watchexec/releases/assets/565495691"

[tools.watchexec."platforms.linux-x64-musl-baseline"]
checksum = "sha256:b5bcd00ae3ebb53f7ea5d499fdf98bda14711589a7ecc0619e1847586beaa24d"
url = "https://github.com/watchexec/watchexec/releases/download/v2.7.3/watchexec-2.7.3-x86_64-unknown-linux-musl.tar.xz"
url_api = "https://api.github.com/repos/watchexec/watchexec/releases/assets/565495691"

[[tools.ztmux]]
version = "3.7.45"
backend = "github:MenkeTechnologies/ztmux"

[tools.ztmux.options]
asset_pattern = "ztmux-v{{ version }}-x86_64-unknown-linux-gnu.tar.gz"

[tools.ztmux."platforms.linux-x64"]
checksum = "sha256:9da548a82c534f2e0b6a736e56fc11809165f46a664e01745e612dfa71aab084"
url = "https://github.com/MenkeTechnologies/ztmux/releases/download/v3.7.45/ztmux-v3.7.45-x86_64-unknown-linux-gnu.tar.gz"
url_api = "https://api.github.com/repos/MenkeTechnologies/ztmux/releases/assets/528000102"

[tools.ztmux."platforms.linux-x64-baseline"]
checksum = "sha256:9da548a82c534f2e0b6a736e56fc11809165f46a664e01745e612dfa71aab084"
url = "https://github.com/MenkeTechnologies/ztmux/releases/download/v3.7.45/ztmux-v3.7.45-x86_64-unknown-linux-gnu.tar.gz"
url_api = "https://api.github.com/repos/MenkeTechnologies/ztmux/releases/assets/528000102"

[tools.ztmux."platforms.linux-x64-musl"]
checksum = "sha256:9da548a82c534f2e0b6a736e56fc11809165f46a664e01745e612dfa71aab084"
url = "https://github.com/MenkeTechnologies/ztmux/releases/download/v3.7.45/ztmux-v3.7.45-x86_64-unknown-linux-gnu.tar.gz"
url_api = "https://api.github.com/repos/MenkeTechnologies/ztmux/releases/assets/528000102"

[tools.ztmux."platforms.linux-x64-musl-baseline"]
checksum = "sha256:9da548a82c534f2e0b6a736e56fc11809165f46a664e01745e612dfa71aab084"
url = "https://github.com/MenkeTechnologies/ztmux/releases/download/v3.7.45/ztmux-v3.7.45-x86_64-unknown-linux-gnu.tar.gz"
url_api = "https://api.github.com/repos/MenkeTechnologies/ztmux/releases/assets/528000102"
