# @generated - this file is auto-generated by `mise lock` https://mise.jdx.dev/dev-tools/mise-lock.html

[[tools."aqua:oxc-project/oxc/oxlint"]]
version = "1.79.0"
backend = "aqua:oxc-project/oxc/oxlint"

[tools."aqua:oxc-project/oxc/oxlint"."platforms.linux-x64"]
checksum = "sha256:c7ddeff22c8d5ebd23648ff0917dd67a85178d86937acc3300ff4e974faaa042"
url = "https://github.com/oxc-project/oxc/releases/download/apps_v1.79.0/oxlint-x86_64-unknown-linux-gnu.tar.gz"
url_api = "https://api.github.com/repos/oxc-project/oxc/releases/assets/519609967"

[tools."aqua:oxc-project/oxc/oxlint"."platforms.linux-x64-baseline"]
checksum = "sha256:c7ddeff22c8d5ebd23648ff0917dd67a85178d86937acc3300ff4e974faaa042"
url = "https://github.com/oxc-project/oxc/releases/download/apps_v1.79.0/oxlint-x86_64-unknown-linux-gnu.tar.gz"
url_api = "https://api.github.com/repos/oxc-project/oxc/releases/assets/519609967"

[tools."aqua:oxc-project/oxc/oxlint"."platforms.linux-x64-musl"]
checksum = "sha256:cdecc9297885c2e88c510c52d32f880cdd3e7372041d654fde2525be5235492a"
url = "https://github.com/oxc-project/oxc/releases/download/apps_v1.79.0/oxlint-x86_64-unknown-linux-musl.tar.gz"
url_api = "https://api.github.com/repos/oxc-project/oxc/releases/assets/519609969"

[tools."aqua:oxc-project/oxc/oxlint"."platforms.linux-x64-musl-baseline"]
checksum = "sha256:cdecc9297885c2e88c510c52d32f880cdd3e7372041d654fde2525be5235492a"
url = "https://github.com/oxc-project/oxc/releases/download/apps_v1.79.0/oxlint-x86_64-unknown-linux-musl.tar.gz"
url_api = "https://api.github.com/repos/oxc-project/oxc/releases/assets/519609969"

[[tools.aube]]
version = "2.2.0"
backend = "aqua:jdx/aube"

[tools.aube."platforms.linux-x64"]
checksum = "sha256:5d8b91f772712e6f971a2e15a52dcc392acbb21782fbb532124588deb647656b"
url = "https://github.com/jdx/aube/releases/download/v2.2.0/aube-v2.2.0-x86_64-unknown-linux-gnu.tar.gz"
url_api = "https://api.github.com/repos/jdx/aube/releases/assets/529716822"
provenance = "github-attestations"

[tools.aube."platforms.linux-x64-baseline"]
checksum = "sha256:5d8b91f772712e6f971a2e15a52dcc392acbb21782fbb532124588deb647656b"
url = "https://github.com/jdx/aube/releases/download/v2.2.0/aube-v2.2.0-x86_64-unknown-linux-gnu.tar.gz"
url_api = "https://api.github.com/repos/jdx/aube/releases/assets/529716822"
provenance = "github-attestations"

[tools.aube."platforms.linux-x64-musl"]
checksum = "sha256:3f01b75136705709cda862ae29c059dedf52341b2bb95359f61c2b72b03f9fc8"
url = "https://github.com/jdx/aube/releases/download/v2.2.0/aube-v2.2.0-x86_64-unknown-linux-musl.tar.gz"
url_api = "https://api.github.com/repos/jdx/aube/releases/assets/529714460"
provenance = "github-attestations"

[tools.aube."platforms.linux-x64-musl-baseline"]
checksum = "sha256:3f01b75136705709cda862ae29c059dedf52341b2bb95359f61c2b72b03f9fc8"
url = "https://github.com/jdx/aube/releases/download/v2.2.0/aube-v2.2.0-x86_64-unknown-linux-musl.tar.gz"
url_api = "https://api.github.com/repos/jdx/aube/releases/assets/529714460"
provenance = "github-attestations"

[[tools.bazel]]
version = "9.2.0"
backend = "aqua:bazelbuild/bazel"

[tools.bazel."platforms.linux-x64"]
checksum = "sha256:7668a95db1250f12c40407251e4e203b4ec8bf39bc495d2f485b2d8c99048694"
url = "https://github.com/bazelbuild/bazel/releases/download/9.2.0/bazel-9.2.0-linux-x86_64"
url_api = "https://api.github.com/repos/bazelbuild/bazel/releases/assets/475879151"

[tools.bazel."platforms.linux-x64-baseline"]
checksum = "sha256:7668a95db1250f12c40407251e4e203b4ec8bf39bc495d2f485b2d8c99048694"
url = "https://github.com/bazelbuild/bazel/releases/download/9.2.0/bazel-9.2.0-linux-x86_64"
url_api = "https://api.github.com/repos/bazelbuild/bazel/releases/assets/475879151"

[tools.bazel."platforms.linux-x64-musl"]
checksum = "sha256:7668a95db1250f12c40407251e4e203b4ec8bf39bc495d2f485b2d8c99048694"
url = "https://github.com/bazelbuild/bazel/releases/download/9.2.0/bazel-9.2.0-linux-x86_64"
url_api = "https://api.github.com/repos/bazelbuild/bazel/releases/assets/475879151"

[tools.bazel."platforms.linux-x64-musl-baseline"]
checksum = "sha256:7668a95db1250f12c40407251e4e203b4ec8bf39bc495d2f485b2d8c99048694"
url = "https://github.com/bazelbuild/bazel/releases/download/9.2.0/bazel-9.2.0-linux-x86_64"
url_api = "https://api.github.com/repos/bazelbuild/bazel/releases/assets/475879151"

[[tools.bun]]
version = "1.4.0"
backend = "core:bun"

[tools.bun."platforms.linux-x64"]
checksum = "sha256:2d03fb5fb83ac8b567aca0a281b2ce1a1a19d488f56c2968d88c3f25e92fe452"
url = "https://github.com/oven-sh/bun/releases/download/bun-v1.4.0/bun-linux-x64.zip"

[tools.bun."platforms.linux-x64-baseline"]
checksum = "sha256:184fb4595f0d401a217cf7c78c1bc430ba83314dab7a8b94805babbf7fa7097f"
url = "https://github.com/oven-sh/bun/releases/download/bun-v1.4.0/bun-linux-x64-baseline.zip"

[tools.bun."platforms.linux-x64-musl"]
checksum = "sha256:83b5f12fd258dd8d4fdcaea65ede954366aa717dab399e20093ecab280d54e7a"
url = "https://github.com/oven-sh/bun/releases/download/bun-v1.4.0/bun-linux-x64-musl.zip"

[tools.bun."platforms.linux-x64-musl-baseline"]
checksum = "sha256:618c4bc1f94b02337ee210003c0b7c066f11548a8cdc5109df10db043dc47ca2"
url = "https://github.com/oven-sh/bun/releases/download/bun-v1.4.0/bun-linux-x64-musl-baseline.zip"

[[tools.elixir]]
version = "1.20.2-otp-28"
backend = "core:elixir"

[tools.elixir."platforms.linux-x64"]
checksum = "sha256:5559e5c496ad959bde0bab4dd2b7e92757a0bd45fba6fc58d35584a8337d0ad1"
url = "https://builds.hex.pm/builds/elixir/v1.20.2-otp-28.zip"

[tools.elixir."platforms.linux-x64-baseline"]
checksum = "sha256:5559e5c496ad959bde0bab4dd2b7e92757a0bd45fba6fc58d35584a8337d0ad1"
url = "https://builds.hex.pm/builds/elixir/v1.20.2-otp-28.zip"

[tools.elixir."platforms.linux-x64-musl"]
checksum = "sha256:5559e5c496ad959bde0bab4dd2b7e92757a0bd45fba6fc58d35584a8337d0ad1"
url = "https://builds.hex.pm/builds/elixir/v1.20.2-otp-28.zip"

[tools.elixir."platforms.linux-x64-musl-baseline"]
checksum = "sha256:5559e5c496ad959bde0bab4dd2b7e92757a0bd45fba6fc58d35584a8337d0ad1"
url = "https://builds.hex.pm/builds/elixir/v1.20.2-otp-28.zip"

[[tools.erlang]]
version = "28.5"
backend = "core:erlang"

[tools.erlang."platforms.linux-x64"]
checksum = "sha256:2c7e8ca23e6864eb20eff5d44738bfa123aed8cd21ed6d98e533d751eee28d9c"
url = "https://github.com/erlang/otp/releases/download/OTP-28.5/otp_src_28.5.tar.gz"
url_api = "https://api.github.com/repos/erlang/otp/releases/assets/403501100"
install = "source"

[tools.erlang."platforms.linux-x64-baseline"]
checksum = "sha256:2c7e8ca23e6864eb20eff5d44738bfa123aed8cd21ed6d98e533d751eee28d9c"
url = "https://github.com/erlang/otp/releases/download/OTP-28.5/otp_src_28.5.tar.gz"
url_api = "https://api.github.com/repos/erlang/otp/releases/assets/403501100"
install = "source"

[tools.erlang."platforms.linux-x64-musl"]
checksum = "sha256:2c7e8ca23e6864eb20eff5d44738bfa123aed8cd21ed6d98e533d751eee28d9c"
url = "https://github.com/erlang/otp/releases/download/OTP-28.5/otp_src_28.5.tar.gz"
url_api = "https://api.github.com/repos/erlang/otp/releases/assets/403501100"
install = "source"

[tools.erlang."platforms.linux-x64-musl-baseline"]
checksum = "sha256:2c7e8ca23e6864eb20eff5d44738bfa123aed8cd21ed6d98e533d751eee28d9c"
url = "https://github.com/erlang/otp/releases/download/OTP-28.5/otp_src_28.5.tar.gz"
url_api = "https://api.github.com/repos/erlang/otp/releases/assets/403501100"
install = "source"

[[tools.expert]]
version = "0.1.9"
backend = "aqua:expert-lsp/expert"

[tools.expert."platforms.linux-x64"]
checksum = "sha256:f7d5905bc3f09b128d4941c7769633f2d108be637f228ee431e9ed137d2c5563"
url = "https://github.com/expert-lsp/expert/releases/download/v0.1.9/expert_linux_amd64"
url_api = "https://api.github.com/repos/expert-lsp/expert/releases/assets/524074924"

[tools.expert."platforms.linux-x64-baseline"]
checksum = "sha256:f7d5905bc3f09b128d4941c7769633f2d108be637f228ee431e9ed137d2c5563"
url = "https://github.com/expert-lsp/expert/releases/download/v0.1.9/expert_linux_amd64"
url_api = "https://api.github.com/repos/expert-lsp/expert/releases/assets/524074924"

[tools.expert."platforms.linux-x64-musl"]
checksum = "sha256:f7d5905bc3f09b128d4941c7769633f2d108be637f228ee431e9ed137d2c5563"
url = "https://github.com/expert-lsp/expert/releases/download/v0.1.9/expert_linux_amd64"
url_api = "https://api.github.com/repos/expert-lsp/expert/releases/assets/524074924"

[tools.expert."platforms.linux-x64-musl-baseline"]
checksum = "sha256:f7d5905bc3f09b128d4941c7769633f2d108be637f228ee431e9ed137d2c5563"
url = "https://github.com/expert-lsp/expert/releases/download/v0.1.9/expert_linux_amd64"
url_api = "https://api.github.com/repos/expert-lsp/expert/releases/assets/524074924"

[[tools.herdr]]
version = "0.8.2"
backend = "aqua:herdrdev/herdr"

[tools.herdr."platforms.linux-x64"]
checksum = "sha256:976150a14d490c94b243ea2e1a7eb2dfb67f12e36b182db90936f6728e6aecf4"
url = "https://github.com/herdrdev/herdr/releases/download/v0.8.2/herdr-linux-x86_64"
url_api = "https://api.github.com/repos/herdrdev/herdr/releases/assets/521169107"

[tools.herdr."platforms.linux-x64-baseline"]
checksum = "sha256:976150a14d490c94b243ea2e1a7eb2dfb67f12e36b182db90936f6728e6aecf4"
url = "https://github.com/herdrdev/herdr/releases/download/v0.8.2/herdr-linux-x86_64"
url_api = "https://api.github.com/repos/herdrdev/herdr/releases/assets/521169107"

[tools.herdr."platforms.linux-x64-musl"]
checksum = "sha256:976150a14d490c94b243ea2e1a7eb2dfb67f12e36b182db90936f6728e6aecf4"
url = "https://github.com/herdrdev/herdr/releases/download/v0.8.2/herdr-linux-x86_64"
url_api = "https://api.github.com/repos/herdrdev/herdr/releases/assets/521169107"

[tools.herdr."platforms.linux-x64-musl-baseline"]
checksum = "sha256:976150a14d490c94b243ea2e1a7eb2dfb67f12e36b182db90936f6728e6aecf4"
url = "https://github.com/herdrdev/herdr/releases/download/v0.8.2/herdr-linux-x86_64"
url_api = "https://api.github.com/repos/herdrdev/herdr/releases/assets/521169107"

[[tools."http:winbox"]]
version = "4.3"
backend = "http:winbox"

[tools."http:winbox"."platforms.linux-x64"]
checksum = "blake3:8096902acd8a45a954335ddf05bcdc727d303c08f9bffc6a4f129e26a10bf7e8"
url = "https://download.mikrotik.com/routeros/winbox/4.3/WinBox_Linux.zip"

[tools."http:winbox"."platforms.linux-x64-baseline"]
checksum = "sha256:573600ac24df38a7a06ea4318b12754247eec4b54c6c90b0a57100d676787a4c"
url = "https://download.mikrotik.com/routeros/winbox/4.3/WinBox_Linux.zip"

[tools."http:winbox"."platforms.linux-x64-musl"]
checksum = "sha256:573600ac24df38a7a06ea4318b12754247eec4b54c6c90b0a57100d676787a4c"
url = "https://download.mikrotik.com/routeros/winbox/4.3/WinBox_Linux.zip"

[tools."http:winbox"."platforms.linux-x64-musl-baseline"]
checksum = "sha256:573600ac24df38a7a06ea4318b12754247eec4b54c6c90b0a57100d676787a4c"
url = "https://download.mikrotik.com/routeros/winbox/4.3/WinBox_Linux.zip"

[[tools.java]]
version = "openjdk-17.0.2"
backend = "core:java"

[tools.java."platforms.linux-x64"]
checksum = "sha256:0022753d0cceecacdd3a795dd4cea2bd7ffdf9dc06e22ffd1be98411742fbb44"
url = "https://download.java.net/java/GA/jdk17.0.2/dfd4a8d0985749f896bed50d7138ee7f/8/GPL/openjdk-17.0.2_linux-x64_bin.tar.gz"

[tools.java."platforms.linux-x64-baseline"]
checksum = "sha256:0022753d0cceecacdd3a795dd4cea2bd7ffdf9dc06e22ffd1be98411742fbb44"
url = "https://download.java.net/java/GA/jdk17.0.2/dfd4a8d0985749f896bed50d7138ee7f/8/GPL/openjdk-17.0.2_linux-x64_bin.tar.gz"

[[tools.jq]]
version = "1.8.2"
backend = "aqua:jqlang/jq"

[tools.jq."platforms.linux-x64"]
checksum = "sha256:b1c22172dd303f3be49e935aa56aa48a8b7a46e0bc838b4997d3bb451495870f"
url = "https://github.com/jqlang/jq/releases/download/jq-1.8.2/jq-linux-amd64"
url_api = "https://api.github.com/repos/jqlang/jq/releases/assets/453012752"
provenance = "github-attestations"

[tools.jq."platforms.linux-x64-baseline"]
checksum = "sha256:b1c22172dd303f3be49e935aa56aa48a8b7a46e0bc838b4997d3bb451495870f"
url = "https://github.com/jqlang/jq/releases/download/jq-1.8.2/jq-linux-amd64"
url_api = "https://api.github.com/repos/jqlang/jq/releases/assets/453012752"
provenance = "github-attestations"

[tools.jq."platforms.linux-x64-musl"]
checksum = "sha256:b1c22172dd303f3be49e935aa56aa48a8b7a46e0bc838b4997d3bb451495870f"
url = "https://github.com/jqlang/jq/releases/download/jq-1.8.2/jq-linux-amd64"
url_api = "https://api.github.com/repos/jqlang/jq/releases/assets/453012752"
provenance = "github-attestations"

[tools.jq."platforms.linux-x64-musl-baseline"]
checksum = "sha256:b1c22172dd303f3be49e935aa56aa48a8b7a46e0bc838b4997d3bb451495870f"
url = "https://github.com/jqlang/jq/releases/download/jq-1.8.2/jq-linux-amd64"
url_api = "https://api.github.com/repos/jqlang/jq/releases/assets/453012752"
provenance = "github-attestations"

[[tools.kotlin]]
version = "2.1.0"
backend = "asdf:mise-plugins/mise-kotlin"

[[tools.nightlyvim]]
version = "nightly"
backend = "vfox:mise-plugins/vfox-neovim"

[tools.nightlyvim."platforms.linux-x64"]
url = "https://github.com/neovim/neovim/releases/download/nightly/nvim-linux-x86_64.tar.gz"

[tools.nightlyvim."platforms.linux-x64-baseline"]
url = "https://github.com/neovim/neovim/releases/download/nightly/nvim-linux-x86_64.tar.gz"

[tools.nightlyvim."platforms.linux-x64-musl"]
url = "https://github.com/neovim/neovim/releases/download/nightly/nvim-linux-x86_64.tar.gz"

[tools.nightlyvim."platforms.linux-x64-musl-baseline"]
url = "https://github.com/neovim/neovim/releases/download/nightly/nvim-linux-x86_64.tar.gz"

[[tools.node]]
version = "26.8.1"
backend = "core:node"

[tools.node."platforms.linux-x64"]
checksum = "sha256:b2b76660fa4ded4e0b2a41ee3c0c651cd52ea8170ead91ebac1e147ac3d55643"
url = "https://nodejs.org/dist/v26.8.1/node-v26.8.1-linux-x64.tar.gz"

[tools.node."platforms.linux-x64-baseline"]
checksum = "sha256:b2b76660fa4ded4e0b2a41ee3c0c651cd52ea8170ead91ebac1e147ac3d55643"
url = "https://nodejs.org/dist/v26.8.1/node-v26.8.1-linux-x64.tar.gz"

[tools.node."platforms.linux-x64-musl"]
checksum = "sha256:13135a6a2106f9d111fa9b48c8801ed119ad43e7e1d00de17d77a9c44899aada"
url = "https://unofficial-builds.nodejs.org/download/release/v26.8.1/node-v26.8.1-linux-x64-musl.tar.gz"

[tools.node."platforms.linux-x64-musl-baseline"]
checksum = "sha256:13135a6a2106f9d111fa9b48c8801ed119ad43e7e1d00de17d77a9c44899aada"
url = "https://unofficial-builds.nodejs.org/download/release/v26.8.1/node-v26.8.1-linux-x64-musl.tar.gz"

[[tools."npm:oxlint-tsgolint"]]
version = "7.0.2001"
backend = "npm:oxlint-tsgolint"

[[tools.oxfmt]]
version = "apps_v1.79.0"
backend = "github:oxc-project/oxc"

[tools.oxfmt.options]
matching = "oxfmt"

[tools.oxfmt."platforms.linux-x64"]
checksum = "sha256:2a2db83b8ab3eb61f4af1d561ac26fd1b4b52e6bc4eac99fc94455d778ec07db"
url = "https://github.com/oxc-project/oxc/releases/download/apps_v1.79.0/oxfmt-x86_64-unknown-linux-gnu.tar.gz"
url_api = "https://api.github.com/repos/oxc-project/oxc/releases/assets/519609903"
provenance = "github-attestations"
provenance_verified = true

[tools.oxfmt."platforms.linux-x64-baseline"]
checksum = "sha256:2a2db83b8ab3eb61f4af1d561ac26fd1b4b52e6bc4eac99fc94455d778ec07db"
url = "https://github.com/oxc-project/oxc/releases/download/apps_v1.79.0/oxfmt-x86_64-unknown-linux-gnu.tar.gz"
url_api = "https://api.github.com/repos/oxc-project/oxc/releases/assets/519609903"
provenance = "github-attestations"

[tools.oxfmt."platforms.linux-x64-musl"]
checksum = "sha256:d663c954e09d49056795c2055a10614d21b306f6f01399f1e472577b5d2ff339"
url = "https://github.com/oxc-project/oxc/releases/download/apps_v1.79.0/oxfmt-x86_64-unknown-linux-musl.tar.gz"
url_api = "https://api.github.com/repos/oxc-project/oxc/releases/assets/519609911"
provenance = "github-attestations"

[tools.oxfmt."platforms.linux-x64-musl-baseline"]
checksum = "sha256:d663c954e09d49056795c2055a10614d21b306f6f01399f1e472577b5d2ff339"
url = "https://github.com/oxc-project/oxc/releases/download/apps_v1.79.0/oxfmt-x86_64-unknown-linux-musl.tar.gz"
url_api = "https://api.github.com/repos/oxc-project/oxc/releases/assets/519609911"
provenance = "github-attestations"

[[tools.oxlint]]
version = "apps_v1.79.0"
backend = "github:oxc-project/oxc"

[tools.oxlint.options]
matching = "oxlint"

[tools.oxlint."platforms.linux-x64"]
checksum = "sha256:c7ddeff22c8d5ebd23648ff0917dd67a85178d86937acc3300ff4e974faaa042"
url = "https://github.com/oxc-project/oxc/releases/download/apps_v1.79.0/oxlint-x86_64-unknown-linux-gnu.tar.gz"
url_api = "https://api.github.com/repos/oxc-project/oxc/releases/assets/519609967"
provenance = "github-attestations"
provenance_verified = true

[tools.oxlint."platforms.linux-x64-baseline"]
checksum = "sha256:c7ddeff22c8d5ebd23648ff0917dd67a85178d86937acc3300ff4e974faaa042"
url = "https://github.com/oxc-project/oxc/releases/download/apps_v1.79.0/oxlint-x86_64-unknown-linux-gnu.tar.gz"
url_api = "https://api.github.com/repos/oxc-project/oxc/releases/assets/519609967"
provenance = "github-attestations"

[tools.oxlint."platforms.linux-x64-musl"]
checksum = "sha256:cdecc9297885c2e88c510c52d32f880cdd3e7372041d654fde2525be5235492a"
url = "https://github.com/oxc-project/oxc/releases/download/apps_v1.79.0/oxlint-x86_64-unknown-linux-musl.tar.gz"
url_api = "https://api.github.com/repos/oxc-project/oxc/releases/assets/519609969"
provenance = "github-attestations"

[tools.oxlint."platforms.linux-x64-musl-baseline"]
checksum = "sha256:cdecc9297885c2e88c510c52d32f880cdd3e7372041d654fde2525be5235492a"
url = "https://github.com/oxc-project/oxc/releases/download/apps_v1.79.0/oxlint-x86_64-unknown-linux-musl.tar.gz"
url_api = "https://api.github.com/repos/oxc-project/oxc/releases/assets/519609969"
provenance = "github-attestations"

[[tools.pitchfork]]
version = "2.23.0"
backend = "aqua:jdx/pitchfork"

[tools.pitchfork."platforms.linux-x64"]
checksum = "sha256:e2d932de87fbf1faeec38ea2b1534bedaf305938456f92fdd35cabeb17ea79ca"
url = "https://github.com/jdx/pitchfork/releases/download/v2.23.0/pitchfork-x86_64-unknown-linux-gnu.tar.gz"
url_api = "https://api.github.com/repos/jdx/pitchfork/releases/assets/530647237"

[tools.pitchfork."platforms.linux-x64-baseline"]
checksum = "sha256:e2d932de87fbf1faeec38ea2b1534bedaf305938456f92fdd35cabeb17ea79ca"
url = "https://github.com/jdx/pitchfork/releases/download/v2.23.0/pitchfork-x86_64-unknown-linux-gnu.tar.gz"
url_api = "https://api.github.com/repos/jdx/pitchfork/releases/assets/530647237"

[[tools.pnpm]]
version = "11.24.0"
backend = "aqua:pnpm/pnpm"

[tools.pnpm."platforms.linux-x64"]
checksum = "sha256:0a9b76dedb5fe8cc5e7f3a9fd70854181cfb08a487ebaf0c9cfb044dc860936c"
url = "https://github.com/pnpm/pnpm/releases/download/v11.24.0/pnpm-linux-x64.tar.gz"
url_api = "https://api.github.com/repos/pnpm/pnpm/releases/assets/527747059"
provenance = "github-attestations"

[tools.pnpm."platforms.linux-x64-baseline"]
checksum = "sha256:0a9b76dedb5fe8cc5e7f3a9fd70854181cfb08a487ebaf0c9cfb044dc860936c"
url = "https://github.com/pnpm/pnpm/releases/download/v11.24.0/pnpm-linux-x64.tar.gz"
url_api = "https://api.github.com/repos/pnpm/pnpm/releases/assets/527747059"
provenance = "github-attestations"

[tools.pnpm."platforms.linux-x64-musl"]
checksum = "sha256:2fce00e10729d0c1f3836d499b908697fd3cd0832332651fbcee79c0a7442dcb"
url = "https://github.com/pnpm/pnpm/releases/download/v11.24.0/pnpm-linux-x64-musl.tar.gz"
url_api = "https://api.github.com/repos/pnpm/pnpm/releases/assets/527747057"
provenance = "github-attestations"

[tools.pnpm."platforms.linux-x64-musl-baseline"]
checksum = "sha256:2fce00e10729d0c1f3836d499b908697fd3cd0832332651fbcee79c0a7442dcb"
url = "https://github.com/pnpm/pnpm/releases/download/v11.24.0/pnpm-linux-x64-musl.tar.gz"
url_api = "https://api.github.com/repos/pnpm/pnpm/releases/assets/527747057"
provenance = "github-attestations"

[[tools.rust]]
version = "1.98.0"
backend = "core:rust"

[[tools.sesh]]
version = "2.28.0"
backend = "github:joshmedeski/sesh"

[tools.sesh."platforms.linux-x64"]
checksum = "sha256:ac4a0b07f0be4cbb13691a197055ac82e00341e77b915d878df8ad2bcc867fda"
url = "https://github.com/joshmedeski/sesh/releases/download/v2.28.0/sesh_Linux_x86_64.tar.gz"
url_api = "https://api.github.com/repos/joshmedeski/sesh/releases/assets/490857157"

[tools.sesh."platforms.linux-x64-baseline"]
checksum = "sha256:ac4a0b07f0be4cbb13691a197055ac82e00341e77b915d878df8ad2bcc867fda"
url = "https://github.com/joshmedeski/sesh/releases/download/v2.28.0/sesh_Linux_x86_64.tar.gz"
url_api = "https://api.github.com/repos/joshmedeski/sesh/releases/assets/490857157"

[tools.sesh."platforms.linux-x64-musl"]
checksum = "sha256:ac4a0b07f0be4cbb13691a197055ac82e00341e77b915d878df8ad2bcc867fda"
url = "https://github.com/joshmedeski/sesh/releases/download/v2.28.0/sesh_Linux_x86_64.tar.gz"
url_api = "https://api.github.com/repos/joshmedeski/sesh/releases/assets/490857157"

[tools.sesh."platforms.linux-x64-musl-baseline"]
checksum = "sha256:ac4a0b07f0be4cbb13691a197055ac82e00341e77b915d878df8ad2bcc867fda"
url = "https://github.com/joshmedeski/sesh/releases/download/v2.28.0/sesh_Linux_x86_64.tar.gz"
url_api = "https://api.github.com/repos/joshmedeski/sesh/releases/assets/490857157"

[[tools.usage]]
version = "6.4.1"
backend = "aqua:jdx/usage"

[tools.usage."platforms.linux-x64"]
checksum = "sha256:8f4465f3ee9e8dbb4233367a566612de9e61f9f64685a0b2da60032d0be7eb76"
url = "https://github.com/jdx/usage/releases/download/v6.4.1/usage-x86_64-unknown-linux-gnu.tar.gz"
url_api = "https://api.github.com/repos/jdx/usage/releases/assets/530174589"

[tools.usage."platforms.linux-x64-baseline"]
checksum = "sha256:8f4465f3ee9e8dbb4233367a566612de9e61f9f64685a0b2da60032d0be7eb76"
url = "https://github.com/jdx/usage/releases/download/v6.4.1/usage-x86_64-unknown-linux-gnu.tar.gz"
url_api = "https://api.github.com/repos/jdx/usage/releases/assets/530174589"

[tools.usage."platforms.linux-x64-musl"]
checksum = "sha256:9d4c186e10b9850084a1a7b111cc2b1331246246dbd2a030eb9319b8e4d47114"
url = "https://github.com/jdx/usage/releases/download/v6.4.1/usage-x86_64-unknown-linux-musl.tar.gz"
url_api = "https://api.github.com/repos/jdx/usage/releases/assets/530175839"

[tools.usage."platforms.linux-x64-musl-baseline"]
checksum = "sha256:9d4c186e10b9850084a1a7b111cc2b1331246246dbd2a030eb9319b8e4d47114"
url = "https://github.com/jdx/usage/releases/download/v6.4.1/usage-x86_64-unknown-linux-musl.tar.gz"
url_api = "https://api.github.com/repos/jdx/usage/releases/assets/530175839"

[[tools.uv]]
version = "0.12.6"
backend = "aqua:astral-sh/uv"

[tools.uv."platforms.linux-x64"]
checksum = "sha256:8681d8921e7d520fb368991dcf5f9c1905b80f5bf2a265a0ed085c8d8e342477"
url = "https://github.com/astral-sh/uv/releases/download/0.12.6/uv-x86_64-unknown-linux-gnu.tar.gz"
url_api = "https://api.github.com/repos/astral-sh/uv/releases/assets/529690831"
provenance = "github-attestations"

[tools.uv."platforms.linux-x64-baseline"]
checksum = "sha256:8681d8921e7d520fb368991dcf5f9c1905b80f5bf2a265a0ed085c8d8e342477"
url = "https://github.com/astral-sh/uv/releases/download/0.12.6/uv-x86_64-unknown-linux-gnu.tar.gz"
url_api = "https://api.github.com/repos/astral-sh/uv/releases/assets/529690831"
provenance = "github-attestations"

[tools.uv."platforms.linux-x64-musl"]
checksum = "sha256:14e4172aace66a475062cebec7ca04f497d5619e95325dfcc9e4447b9c516846"
url = "https://github.com/astral-sh/uv/releases/download/0.12.6/uv-x86_64-unknown-linux-musl.tar.gz"
url_api = "https://api.github.com/repos/astral-sh/uv/releases/assets/529690844"
provenance = "github-attestations"

[tools.uv."platforms.linux-x64-musl-baseline"]
checksum = "sha256:14e4172aace66a475062cebec7ca04f497d5619e95325dfcc9e4447b9c516846"
url = "https://github.com/astral-sh/uv/releases/download/0.12.6/uv-x86_64-unknown-linux-musl.tar.gz"
url_api = "https://api.github.com/repos/astral-sh/uv/releases/assets/529690844"
provenance = "github-attestations"

[[tools.vite-plus]]
version = "0.2.9"
backend = "github:voidzero-dev/vite-plus"

[tools.vite-plus.options]
matching = "vp"

[tools.vite-plus."platforms.linux-x64"]
checksum = "sha256:51c66dac43f2e750dce9ad512cc3e7008dd3d1a3304dd99818dea01bd38b97be"
url = "https://github.com/voidzero-dev/vite-plus/releases/download/v0.2.9/vp-x86_64-unknown-linux-gnu.tar.gz"
url_api = "https://api.github.com/repos/voidzero-dev/vite-plus/releases/assets/510977987"
provenance = "github-attestations"
provenance_verified = true

[tools.vite-plus."platforms.linux-x64-baseline"]
checksum = "sha256:51c66dac43f2e750dce9ad512cc3e7008dd3d1a3304dd99818dea01bd38b97be"
url = "https://github.com/voidzero-dev/vite-plus/releases/download/v0.2.9/vp-x86_64-unknown-linux-gnu.tar.gz"
url_api = "https://api.github.com/repos/voidzero-dev/vite-plus/releases/assets/510977987"
provenance = "github-attestations"

[tools.vite-plus."platforms.linux-x64-musl"]
checksum = "sha256:71328a4c6cefbc4cc2c9f7c729855ed3f7c7f44865cf9c926c62d0d74f76ccc8"
url = "https://github.com/voidzero-dev/vite-plus/releases/download/v0.2.9/vp-x86_64-unknown-linux-musl.tar.gz"
url_api = "https://api.github.com/repos/voidzero-dev/vite-plus/releases/assets/510977989"
provenance = "github-attestations"

[tools.vite-plus."platforms.linux-x64-musl-baseline"]
checksum = "sha256:71328a4c6cefbc4cc2c9f7c729855ed3f7c7f44865cf9c926c62d0d74f76ccc8"
url = "https://github.com/voidzero-dev/vite-plus/releases/download/v0.2.9/vp-x86_64-unknown-linux-musl.tar.gz"
url_api = "https://api.github.com/repos/voidzero-dev/vite-plus/releases/assets/510977989"
provenance = "github-attestations"

[[tools.watchexec]]
version = "2.7.0"
backend = "aqua:watchexec/watchexec"

[tools.watchexec."platforms.linux-x64"]
checksum = "sha256:ad226e24baa077b9d97d1a0e575a7202ed38da0e1841d4ec3ebb8c6afbf73440"
url = "https://github.com/watchexec/watchexec/releases/download/v2.7.0/watchexec-2.7.0-x86_64-unknown-linux-gnu.tar.xz"
url_api = "https://api.github.com/repos/watchexec/watchexec/releases/assets/527314371"

[tools.watchexec."platforms.linux-x64-baseline"]
checksum = "sha256:ad226e24baa077b9d97d1a0e575a7202ed38da0e1841d4ec3ebb8c6afbf73440"
url = "https://github.com/watchexec/watchexec/releases/download/v2.7.0/watchexec-2.7.0-x86_64-unknown-linux-gnu.tar.xz"
url_api = "https://api.github.com/repos/watchexec/watchexec/releases/assets/527314371"

[tools.watchexec."platforms.linux-x64-musl"]
checksum = "sha256:480065f4459b9f7fb25927ac43df85ff7f46a9b25d04f90001022b875ab0b1a5"
url = "https://github.com/watchexec/watchexec/releases/download/v2.7.0/watchexec-2.7.0-x86_64-unknown-linux-musl.tar.xz"
url_api = "https://api.github.com/repos/watchexec/watchexec/releases/assets/527314330"

[tools.watchexec."platforms.linux-x64-musl-baseline"]
checksum = "sha256:480065f4459b9f7fb25927ac43df85ff7f46a9b25d04f90001022b875ab0b1a5"
url = "https://github.com/watchexec/watchexec/releases/download/v2.7.0/watchexec-2.7.0-x86_64-unknown-linux-musl.tar.xz"
url_api = "https://api.github.com/repos/watchexec/watchexec/releases/assets/527314330"
