# @generated - this file is auto-generated by `mise lock` https://mise.jdx.dev/dev-tools/mise-lock.html

[[tools."aqua:oxc-project/oxc/oxlint"]]
version = "1.79.0"
backend = "aqua:oxc-project/oxc/oxlint"

[tools."aqua:oxc-project/oxc/oxlint"."platforms.linux-x64"]
checksum = "sha256:c7ddeff22c8d5ebd23648ff0917dd67a85178d86937acc3300ff4e974faaa042"
url = "https://github.com/oxc-project/oxc/releases/download/apps_v1.79.0/oxlint-x86_64-unknown-linux-gnu.tar.gz"
url_api = "https://api.github.com/repos/oxc-project/oxc/releases/assets/519609967"

[tools."aqua:oxc-project/oxc/oxlint"."platforms.linux-x64-baseline"]
checksum = "sha256:c7ddeff22c8d5ebd23648ff0917dd67a85178d86937acc3300ff4e974faaa042"
url = "https://github.com/oxc-project/oxc/releases/download/apps_v1.79.0/oxlint-x86_64-unknown-linux-gnu.tar.gz"
url_api = "https://api.github.com/repos/oxc-project/oxc/releases/assets/519609967"

[tools."aqua:oxc-project/oxc/oxlint"."platforms.linux-x64-musl"]
checksum = "sha256:cdecc9297885c2e88c510c52d32f880cdd3e7372041d654fde2525be5235492a"
url = "https://github.com/oxc-project/oxc/releases/download/apps_v1.79.0/oxlint-x86_64-unknown-linux-musl.tar.gz"
url_api = "https://api.github.com/repos/oxc-project/oxc/releases/assets/519609969"

[tools."aqua:oxc-project/oxc/oxlint"."platforms.linux-x64-musl-baseline"]
checksum = "sha256:cdecc9297885c2e88c510c52d32f880cdd3e7372041d654fde2525be5235492a"
url = "https://github.com/oxc-project/oxc/releases/download/apps_v1.79.0/oxlint-x86_64-unknown-linux-musl.tar.gz"
url_api = "https://api.github.com/repos/oxc-project/oxc/releases/assets/519609969"

[[tools.aube]]
version = "1.40.0"
backend = "aqua:jdx/aube"

[tools.aube."platforms.linux-x64"]
checksum = "sha256:fb4ca338cedb1a349abdca2ea57135faa6f63a78d85cf64af60aaf1a645af736"
url = "https://github.com/jdx/aube/releases/download/v1.40.0/aube-v1.40.0-x86_64-unknown-linux-gnu.tar.gz"
url_api = "https://api.github.com/repos/jdx/aube/releases/assets/513090652"
provenance = "github-attestations"

[tools.aube."platforms.linux-x64-baseline"]
checksum = "sha256:fb4ca338cedb1a349abdca2ea57135faa6f63a78d85cf64af60aaf1a645af736"
url = "https://github.com/jdx/aube/releases/download/v1.40.0/aube-v1.40.0-x86_64-unknown-linux-gnu.tar.gz"
url_api = "https://api.github.com/repos/jdx/aube/releases/assets/513090652"
provenance = "github-attestations"

[tools.aube."platforms.linux-x64-musl"]
checksum = "sha256:e95c62fc21ae1e5f169a945f0b50d3b5b276b87e075ff9dc0511020bc51d29ea"
url = "https://github.com/jdx/aube/releases/download/v1.40.0/aube-v1.40.0-x86_64-unknown-linux-musl.tar.gz"
url_api = "https://api.github.com/repos/jdx/aube/releases/assets/513091441"
provenance = "github-attestations"

[tools.aube."platforms.linux-x64-musl-baseline"]
checksum = "sha256:e95c62fc21ae1e5f169a945f0b50d3b5b276b87e075ff9dc0511020bc51d29ea"
url = "https://github.com/jdx/aube/releases/download/v1.40.0/aube-v1.40.0-x86_64-unknown-linux-musl.tar.gz"
url_api = "https://api.github.com/repos/jdx/aube/releases/assets/513091441"
provenance = "github-attestations"

[[tools.bazel]]
version = "9.2.0"
backend = "aqua:bazelbuild/bazel"

[tools.bazel."platforms.linux-x64"]
checksum = "sha256:7668a95db1250f12c40407251e4e203b4ec8bf39bc495d2f485b2d8c99048694"
url = "https://github.com/bazelbuild/bazel/releases/download/9.2.0/bazel-9.2.0-linux-x86_64"
url_api = "https://api.github.com/repos/bazelbuild/bazel/releases/assets/475879151"

[tools.bazel."platforms.linux-x64-baseline"]
checksum = "sha256:7668a95db1250f12c40407251e4e203b4ec8bf39bc495d2f485b2d8c99048694"
url = "https://github.com/bazelbuild/bazel/releases/download/9.2.0/bazel-9.2.0-linux-x86_64"
url_api = "https://api.github.com/repos/bazelbuild/bazel/releases/assets/475879151"

[tools.bazel."platforms.linux-x64-musl"]
checksum = "sha256:7668a95db1250f12c40407251e4e203b4ec8bf39bc495d2f485b2d8c99048694"
url = "https://github.com/bazelbuild/bazel/releases/download/9.2.0/bazel-9.2.0-linux-x86_64"
url_api = "https://api.github.com/repos/bazelbuild/bazel/releases/assets/475879151"

[tools.bazel."platforms.linux-x64-musl-baseline"]
checksum = "sha256:7668a95db1250f12c40407251e4e203b4ec8bf39bc495d2f485b2d8c99048694"
url = "https://github.com/bazelbuild/bazel/releases/download/9.2.0/bazel-9.2.0-linux-x86_64"
url_api = "https://api.github.com/repos/bazelbuild/bazel/releases/assets/475879151"

[[tools.bun]]
version = "1.4.0"
backend = "core:bun"

[tools.bun."platforms.linux-x64"]
checksum = "sha256:2d03fb5fb83ac8b567aca0a281b2ce1a1a19d488f56c2968d88c3f25e92fe452"
url = "https://github.com/oven-sh/bun/releases/download/bun-v1.4.0/bun-linux-x64.zip"

[tools.bun."platforms.linux-x64-baseline"]
checksum = "sha256:184fb4595f0d401a217cf7c78c1bc430ba83314dab7a8b94805babbf7fa7097f"
url = "https://github.com/oven-sh/bun/releases/download/bun-v1.4.0/bun-linux-x64-baseline.zip"

[tools.bun."platforms.linux-x64-musl"]
checksum = "sha256:83b5f12fd258dd8d4fdcaea65ede954366aa717dab399e20093ecab280d54e7a"
url = "https://github.com/oven-sh/bun/releases/download/bun-v1.4.0/bun-linux-x64-musl.zip"

[tools.bun."platforms.linux-x64-musl-baseline"]
checksum = "sha256:618c4bc1f94b02337ee210003c0b7c066f11548a8cdc5109df10db043dc47ca2"
url = "https://github.com/oven-sh/bun/releases/download/bun-v1.4.0/bun-linux-x64-musl-baseline.zip"

[[tools.elixir]]
version = "1.20.2-otp-28"
backend = "core:elixir"

[tools.elixir."platforms.linux-x64"]
checksum = "sha256:5559e5c496ad959bde0bab4dd2b7e92757a0bd45fba6fc58d35584a8337d0ad1"
url = "https://builds.hex.pm/builds/elixir/v1.20.2-otp-28.zip"

[tools.elixir."platforms.linux-x64-baseline"]
checksum = "sha256:5559e5c496ad959bde0bab4dd2b7e92757a0bd45fba6fc58d35584a8337d0ad1"
url = "https://builds.hex.pm/builds/elixir/v1.20.2-otp-28.zip"

[tools.elixir."platforms.linux-x64-musl"]
checksum = "sha256:5559e5c496ad959bde0bab4dd2b7e92757a0bd45fba6fc58d35584a8337d0ad1"
url = "https://builds.hex.pm/builds/elixir/v1.20.2-otp-28.zip"

[tools.elixir."platforms.linux-x64-musl-baseline"]
checksum = "sha256:5559e5c496ad959bde0bab4dd2b7e92757a0bd45fba6fc58d35584a8337d0ad1"
url = "https://builds.hex.pm/builds/elixir/v1.20.2-otp-28.zip"

[[tools.erlang]]
version = "28.5"
backend = "core:erlang"

[tools.erlang."platforms.linux-x64"]
checksum = "sha256:2c7e8ca23e6864eb20eff5d44738bfa123aed8cd21ed6d98e533d751eee28d9c"
url = "https://github.com/erlang/otp/releases/download/OTP-28.5/otp_src_28.5.tar.gz"
url_api = "https://api.github.com/repos/erlang/otp/releases/assets/403501100"
install = "source"

[tools.erlang."platforms.linux-x64-baseline"]
checksum = "sha256:2c7e8ca23e6864eb20eff5d44738bfa123aed8cd21ed6d98e533d751eee28d9c"
url = "https://github.com/erlang/otp/releases/download/OTP-28.5/otp_src_28.5.tar.gz"
url_api = "https://api.github.com/repos/erlang/otp/releases/assets/403501100"
install = "source"

[tools.erlang."platforms.linux-x64-musl"]
checksum = "sha256:2c7e8ca23e6864eb20eff5d44738bfa123aed8cd21ed6d98e533d751eee28d9c"
url = "https://github.com/erlang/otp/releases/download/OTP-28.5/otp_src_28.5.tar.gz"
url_api = "https://api.github.com/repos/erlang/otp/releases/assets/403501100"
install = "source"

[tools.erlang."platforms.linux-x64-musl-baseline"]
checksum = "sha256:2c7e8ca23e6864eb20eff5d44738bfa123aed8cd21ed6d98e533d751eee28d9c"
url = "https://github.com/erlang/otp/releases/download/OTP-28.5/otp_src_28.5.tar.gz"
url_api = "https://api.github.com/repos/erlang/otp/releases/assets/403501100"
install = "source"

[[tools.expert]]
version = "0.1.8"
backend = "aqua:expert-lsp/expert"

[tools.expert."platforms.linux-x64"]
checksum = "sha256:caf0ded54e83f318cfe659e2ac3dd1f2d2e71a1c1a3c28ab3290475954fd9aee"
url = "https://github.com/expert-lsp/expert/releases/download/v0.1.8/expert_linux_amd64"
url_api = "https://api.github.com/repos/expert-lsp/expert/releases/assets/491340826"

[tools.expert."platforms.linux-x64-baseline"]
checksum = "sha256:caf0ded54e83f318cfe659e2ac3dd1f2d2e71a1c1a3c28ab3290475954fd9aee"
url = "https://github.com/expert-lsp/expert/releases/download/v0.1.8/expert_linux_amd64"
url_api = "https://api.github.com/repos/expert-lsp/expert/releases/assets/491340826"

[tools.expert."platforms.linux-x64-musl"]
checksum = "sha256:caf0ded54e83f318cfe659e2ac3dd1f2d2e71a1c1a3c28ab3290475954fd9aee"
url = "https://github.com/expert-lsp/expert/releases/download/v0.1.8/expert_linux_amd64"
url_api = "https://api.github.com/repos/expert-lsp/expert/releases/assets/491340826"

[tools.expert."platforms.linux-x64-musl-baseline"]
checksum = "sha256:caf0ded54e83f318cfe659e2ac3dd1f2d2e71a1c1a3c28ab3290475954fd9aee"
url = "https://github.com/expert-lsp/expert/releases/download/v0.1.8/expert_linux_amd64"
url_api = "https://api.github.com/repos/expert-lsp/expert/releases/assets/491340826"

[[tools.herdr]]
version = "0.8.2"
backend = "aqua:herdrdev/herdr"

[tools.herdr."platforms.linux-x64"]
checksum = "sha256:976150a14d490c94b243ea2e1a7eb2dfb67f12e36b182db90936f6728e6aecf4"
url = "https://github.com/herdrdev/herdr/releases/download/v0.8.2/herdr-linux-x86_64"
url_api = "https://api.github.com/repos/herdrdev/herdr/releases/assets/521169107"

[tools.herdr."platforms.linux-x64-baseline"]
checksum = "sha256:976150a14d490c94b243ea2e1a7eb2dfb67f12e36b182db90936f6728e6aecf4"
url = "https://github.com/herdrdev/herdr/releases/download/v0.8.2/herdr-linux-x86_64"
url_api = "https://api.github.com/repos/herdrdev/herdr/releases/assets/521169107"

[tools.herdr."platforms.linux-x64-musl"]
checksum = "sha256:976150a14d490c94b243ea2e1a7eb2dfb67f12e36b182db90936f6728e6aecf4"
url = "https://github.com/herdrdev/herdr/releases/download/v0.8.2/herdr-linux-x86_64"
url_api = "https://api.github.com/repos/herdrdev/herdr/releases/assets/521169107"

[tools.herdr."platforms.linux-x64-musl-baseline"]
checksum = "sha256:976150a14d490c94b243ea2e1a7eb2dfb67f12e36b182db90936f6728e6aecf4"
url = "https://github.com/herdrdev/herdr/releases/download/v0.8.2/herdr-linux-x86_64"
url_api = "https://api.github.com/repos/herdrdev/herdr/releases/assets/521169107"

[[tools."http:winbox"]]
version = "4.3"
backend = "http:winbox"

[tools."http:winbox"."platforms.linux-x64"]
checksum = "blake3:8096902acd8a45a954335ddf05bcdc727d303c08f9bffc6a4f129e26a10bf7e8"
url = "https://download.mikrotik.com/routeros/winbox/4.3/WinBox_Linux.zip"

[tools."http:winbox"."platforms.linux-x64-baseline"]
checksum = "sha256:573600ac24df38a7a06ea4318b12754247eec4b54c6c90b0a57100d676787a4c"
url = "https://download.mikrotik.com/routeros/winbox/4.3/WinBox_Linux.zip"

[tools."http:winbox"."platforms.linux-x64-musl"]
checksum = "sha256:573600ac24df38a7a06ea4318b12754247eec4b54c6c90b0a57100d676787a4c"
url = "https://download.mikrotik.com/routeros/winbox/4.3/WinBox_Linux.zip"

[tools."http:winbox"."platforms.linux-x64-musl-baseline"]
checksum = "sha256:573600ac24df38a7a06ea4318b12754247eec4b54c6c90b0a57100d676787a4c"
url = "https://download.mikrotik.com/routeros/winbox/4.3/WinBox_Linux.zip"

[[tools.java]]
version = "openjdk-17.0.2"
backend = "core:java"

[tools.java."platforms.linux-x64"]
checksum = "sha256:0022753d0cceecacdd3a795dd4cea2bd7ffdf9dc06e22ffd1be98411742fbb44"
url = "https://download.java.net/java/GA/jdk17.0.2/dfd4a8d0985749f896bed50d7138ee7f/8/GPL/openjdk-17.0.2_linux-x64_bin.tar.gz"

[tools.java."platforms.linux-x64-baseline"]
checksum = "sha256:0022753d0cceecacdd3a795dd4cea2bd7ffdf9dc06e22ffd1be98411742fbb44"
url = "https://download.java.net/java/GA/jdk17.0.2/dfd4a8d0985749f896bed50d7138ee7f/8/GPL/openjdk-17.0.2_linux-x64_bin.tar.gz"

[[tools.jq]]
version = "1.7"
backend = "aqua:jqlang/jq"

[tools.jq."platforms.linux-x64"]
checksum = "sha256:2f312b9587b1c1eddf3a53f9a0b7d276b9b7b94576c85bda22808ca950569716"
url = "https://github.com/jqlang/jq/releases/download/jq-1.7/jq-linux-amd64"
url_api = "https://api.github.com/repos/jqlang/jq/releases/assets/124890211"

[tools.jq."platforms.linux-x64-baseline"]
checksum = "sha256:2f312b9587b1c1eddf3a53f9a0b7d276b9b7b94576c85bda22808ca950569716"
url = "https://github.com/jqlang/jq/releases/download/jq-1.7/jq-linux-amd64"
url_api = "https://api.github.com/repos/jqlang/jq/releases/assets/124890211"

[tools.jq."platforms.linux-x64-musl"]
checksum = "sha256:2f312b9587b1c1eddf3a53f9a0b7d276b9b7b94576c85bda22808ca950569716"
url = "https://github.com/jqlang/jq/releases/download/jq-1.7/jq-linux-amd64"
url_api = "https://api.github.com/repos/jqlang/jq/releases/assets/124890211"

[tools.jq."platforms.linux-x64-musl-baseline"]
checksum = "sha256:2f312b9587b1c1eddf3a53f9a0b7d276b9b7b94576c85bda22808ca950569716"
url = "https://github.com/jqlang/jq/releases/download/jq-1.7/jq-linux-amd64"
url_api = "https://api.github.com/repos/jqlang/jq/releases/assets/124890211"

[[tools.kotlin]]
version = "2.1.0"
backend = "asdf:mise-plugins/mise-kotlin"

[[tools.node]]
version = "26.5.0"
backend = "core:node"

[tools.node."platforms.linux-x64"]
checksum = "sha256:22b5f47ad6ae78837e4c2b846019965ce1a06ba143de176102294a1bf44fc677"
url = "https://nodejs.org/dist/v26.5.0/node-v26.5.0-linux-x64.tar.gz"

[tools.node."platforms.linux-x64-baseline"]
checksum = "sha256:22b5f47ad6ae78837e4c2b846019965ce1a06ba143de176102294a1bf44fc677"
url = "https://nodejs.org/dist/v26.5.0/node-v26.5.0-linux-x64.tar.gz"

[tools.node."platforms.linux-x64-musl"]
checksum = "sha256:00f1398411a4216c5a6ecaad3b825a0da5ec00e79ee8c173ab65a094d97b9ad8"
url = "https://unofficial-builds.nodejs.org/download/release/v26.5.0/node-v26.5.0-linux-x64-musl.tar.gz"

[tools.node."platforms.linux-x64-musl-baseline"]
checksum = "sha256:00f1398411a4216c5a6ecaad3b825a0da5ec00e79ee8c173ab65a094d97b9ad8"
url = "https://unofficial-builds.nodejs.org/download/release/v26.5.0/node-v26.5.0-linux-x64-musl.tar.gz"

[[tools."npm:oxlint-tsgolint"]]
version = "7.0.2001"
backend = "npm:oxlint-tsgolint"

[[tools.oxfmt]]
version = "apps_v1.79.0"
backend = "github:oxc-project/oxc"

[tools.oxfmt.options]
matching = "oxfmt"

[tools.oxfmt."platforms.linux-x64"]
checksum = "sha256:2a2db83b8ab3eb61f4af1d561ac26fd1b4b52e6bc4eac99fc94455d778ec07db"
url = "https://github.com/oxc-project/oxc/releases/download/apps_v1.79.0/oxfmt-x86_64-unknown-linux-gnu.tar.gz"
url_api = "https://api.github.com/repos/oxc-project/oxc/releases/assets/519609903"
provenance = "github-attestations"
provenance_verified = true

[tools.oxfmt."platforms.linux-x64-baseline"]
checksum = "sha256:2a2db83b8ab3eb61f4af1d561ac26fd1b4b52e6bc4eac99fc94455d778ec07db"
url = "https://github.com/oxc-project/oxc/releases/download/apps_v1.79.0/oxfmt-x86_64-unknown-linux-gnu.tar.gz"
url_api = "https://api.github.com/repos/oxc-project/oxc/releases/assets/519609903"
provenance = "github-attestations"

[tools.oxfmt."platforms.linux-x64-musl"]
checksum = "sha256:d663c954e09d49056795c2055a10614d21b306f6f01399f1e472577b5d2ff339"
url = "https://github.com/oxc-project/oxc/releases/download/apps_v1.79.0/oxfmt-x86_64-unknown-linux-musl.tar.gz"
url_api = "https://api.github.com/repos/oxc-project/oxc/releases/assets/519609911"
provenance = "github-attestations"

[tools.oxfmt."platforms.linux-x64-musl-baseline"]
checksum = "sha256:d663c954e09d49056795c2055a10614d21b306f6f01399f1e472577b5d2ff339"
url = "https://github.com/oxc-project/oxc/releases/download/apps_v1.79.0/oxfmt-x86_64-unknown-linux-musl.tar.gz"
url_api = "https://api.github.com/repos/oxc-project/oxc/releases/assets/519609911"
provenance = "github-attestations"

[[tools.oxlint]]
version = "apps_v1.79.0"
backend = "github:oxc-project/oxc"

[tools.oxlint.options]
matching = "oxlint"

[tools.oxlint."platforms.linux-x64"]
checksum = "sha256:c7ddeff22c8d5ebd23648ff0917dd67a85178d86937acc3300ff4e974faaa042"
url = "https://github.com/oxc-project/oxc/releases/download/apps_v1.79.0/oxlint-x86_64-unknown-linux-gnu.tar.gz"
url_api = "https://api.github.com/repos/oxc-project/oxc/releases/assets/519609967"
provenance = "github-attestations"
provenance_verified = true

[tools.oxlint."platforms.linux-x64-baseline"]
checksum = "sha256:c7ddeff22c8d5ebd23648ff0917dd67a85178d86937acc3300ff4e974faaa042"
url = "https://github.com/oxc-project/oxc/releases/download/apps_v1.79.0/oxlint-x86_64-unknown-linux-gnu.tar.gz"
url_api = "https://api.github.com/repos/oxc-project/oxc/releases/assets/519609967"
provenance = "github-attestations"

[tools.oxlint."platforms.linux-x64-musl"]
checksum = "sha256:cdecc9297885c2e88c510c52d32f880cdd3e7372041d654fde2525be5235492a"
url = "https://github.com/oxc-project/oxc/releases/download/apps_v1.79.0/oxlint-x86_64-unknown-linux-musl.tar.gz"
url_api = "https://api.github.com/repos/oxc-project/oxc/releases/assets/519609969"
provenance = "github-attestations"

[tools.oxlint."platforms.linux-x64-musl-baseline"]
checksum = "sha256:cdecc9297885c2e88c510c52d32f880cdd3e7372041d654fde2525be5235492a"
url = "https://github.com/oxc-project/oxc/releases/download/apps_v1.79.0/oxlint-x86_64-unknown-linux-musl.tar.gz"
url_api = "https://api.github.com/repos/oxc-project/oxc/releases/assets/519609969"
provenance = "github-attestations"

[[tools.pitchfork]]
version = "2.0.0"
backend = "aqua:jdx/pitchfork"

[tools.pitchfork."platforms.linux-x64"]
checksum = "sha256:6d2def615a908a1b1f93b1a16a0f699defbbe3b1cd86e896b3b0d7465f86ec8d"
url = "https://github.com/jdx/pitchfork/releases/download/v2.0.0/pitchfork-x86_64-unknown-linux-gnu.tar.gz"
url_api = "https://api.github.com/repos/jdx/pitchfork/releases/assets/366798356"

[tools.pitchfork."platforms.linux-x64-baseline"]
checksum = "sha256:6d2def615a908a1b1f93b1a16a0f699defbbe3b1cd86e896b3b0d7465f86ec8d"
url = "https://github.com/jdx/pitchfork/releases/download/v2.0.0/pitchfork-x86_64-unknown-linux-gnu.tar.gz"
url_api = "https://api.github.com/repos/jdx/pitchfork/releases/assets/366798356"

[[tools.pnpm]]
version = "11.22.0"
backend = "aqua:pnpm/pnpm"

[tools.pnpm."platforms.linux-x64"]
checksum = "sha256:4c592fa410eb23b69691a9efb9bf21c87c15b3e9d88c6ec8acdd354a0eb8de71"
url = "https://github.com/pnpm/pnpm/releases/download/v11.22.0/pnpm-linux-x64.tar.gz"
url_api = "https://api.github.com/repos/pnpm/pnpm/releases/assets/515895948"
provenance = "github-attestations"

[tools.pnpm."platforms.linux-x64-baseline"]
checksum = "sha256:4c592fa410eb23b69691a9efb9bf21c87c15b3e9d88c6ec8acdd354a0eb8de71"
url = "https://github.com/pnpm/pnpm/releases/download/v11.22.0/pnpm-linux-x64.tar.gz"
url_api = "https://api.github.com/repos/pnpm/pnpm/releases/assets/515895948"
provenance = "github-attestations"

[tools.pnpm."platforms.linux-x64-musl"]
checksum = "sha256:45425b06e747cbcaff4940d7b4a55e694645f15f9339dbf7f2601cfb21400545"
url = "https://github.com/pnpm/pnpm/releases/download/v11.22.0/pnpm-linux-x64-musl.tar.gz"
url_api = "https://api.github.com/repos/pnpm/pnpm/releases/assets/515895945"
provenance = "github-attestations"

[tools.pnpm."platforms.linux-x64-musl-baseline"]
checksum = "sha256:45425b06e747cbcaff4940d7b4a55e694645f15f9339dbf7f2601cfb21400545"
url = "https://github.com/pnpm/pnpm/releases/download/v11.22.0/pnpm-linux-x64-musl.tar.gz"
url_api = "https://api.github.com/repos/pnpm/pnpm/releases/assets/515895945"
provenance = "github-attestations"

[[tools.rust]]
version = "1.97.1"
backend = "core:rust"

[[tools.sesh]]
version = "2.28.0"
backend = "github:joshmedeski/sesh"

[tools.sesh."platforms.linux-x64"]
checksum = "sha256:ac4a0b07f0be4cbb13691a197055ac82e00341e77b915d878df8ad2bcc867fda"
url = "https://github.com/joshmedeski/sesh/releases/download/v2.28.0/sesh_Linux_x86_64.tar.gz"
url_api = "https://api.github.com/repos/joshmedeski/sesh/releases/assets/490857157"

[tools.sesh."platforms.linux-x64-baseline"]
checksum = "sha256:ac4a0b07f0be4cbb13691a197055ac82e00341e77b915d878df8ad2bcc867fda"
url = "https://github.com/joshmedeski/sesh/releases/download/v2.28.0/sesh_Linux_x86_64.tar.gz"
url_api = "https://api.github.com/repos/joshmedeski/sesh/releases/assets/490857157"

[tools.sesh."platforms.linux-x64-musl"]
checksum = "sha256:ac4a0b07f0be4cbb13691a197055ac82e00341e77b915d878df8ad2bcc867fda"
url = "https://github.com/joshmedeski/sesh/releases/download/v2.28.0/sesh_Linux_x86_64.tar.gz"
url_api = "https://api.github.com/repos/joshmedeski/sesh/releases/assets/490857157"

[tools.sesh."platforms.linux-x64-musl-baseline"]
checksum = "sha256:ac4a0b07f0be4cbb13691a197055ac82e00341e77b915d878df8ad2bcc867fda"
url = "https://github.com/joshmedeski/sesh/releases/download/v2.28.0/sesh_Linux_x86_64.tar.gz"
url_api = "https://api.github.com/repos/joshmedeski/sesh/releases/assets/490857157"

[[tools.usage]]
version = "5.1.0"
backend = "aqua:jdx/usage"

[tools.usage."platforms.linux-x64"]
checksum = "sha256:788c103416d4ed8e335484a40886c9abf5879dd5394959727d5c0cc9f327902b"
url = "https://github.com/jdx/usage/releases/download/v5.1.0/usage-x86_64-unknown-linux-gnu.tar.gz"
url_api = "https://api.github.com/repos/jdx/usage/releases/assets/507607768"

[tools.usage."platforms.linux-x64-baseline"]
checksum = "sha256:788c103416d4ed8e335484a40886c9abf5879dd5394959727d5c0cc9f327902b"
url = "https://github.com/jdx/usage/releases/download/v5.1.0/usage-x86_64-unknown-linux-gnu.tar.gz"
url_api = "https://api.github.com/repos/jdx/usage/releases/assets/507607768"

[tools.usage."platforms.linux-x64-musl"]
checksum = "sha256:a702c639f8e25d1e10f42ab37e09b8f73634c09b23c7abe2ebd6ab6f9665e99c"
url = "https://github.com/jdx/usage/releases/download/v5.1.0/usage-x86_64-unknown-linux-musl.tar.gz"
url_api = "https://api.github.com/repos/jdx/usage/releases/assets/507608023"

[tools.usage."platforms.linux-x64-musl-baseline"]
checksum = "sha256:a702c639f8e25d1e10f42ab37e09b8f73634c09b23c7abe2ebd6ab6f9665e99c"
url = "https://github.com/jdx/usage/releases/download/v5.1.0/usage-x86_64-unknown-linux-musl.tar.gz"
url_api = "https://api.github.com/repos/jdx/usage/releases/assets/507608023"

[[tools.uv]]
version = "0.12.4"
backend = "aqua:astral-sh/uv"

[tools.uv."platforms.linux-x64"]
checksum = "sha256:c8c60f47e6f88d18dbf6f33d7279fb1fbf7ae76631768152cf5578c3d65729b4"
url = "https://github.com/astral-sh/uv/releases/download/0.12.4/uv-x86_64-unknown-linux-gnu.tar.gz"
url_api = "https://api.github.com/repos/astral-sh/uv/releases/assets/513521275"
provenance = "github-attestations"

[tools.uv."platforms.linux-x64-baseline"]
checksum = "sha256:c8c60f47e6f88d18dbf6f33d7279fb1fbf7ae76631768152cf5578c3d65729b4"
url = "https://github.com/astral-sh/uv/releases/download/0.12.4/uv-x86_64-unknown-linux-gnu.tar.gz"
url_api = "https://api.github.com/repos/astral-sh/uv/releases/assets/513521275"
provenance = "github-attestations"

[tools.uv."platforms.linux-x64-musl"]
checksum = "sha256:7aef04898775585d636424e52053e5328f2b1779175d5cb47665ff9d7524e8e7"
url = "https://github.com/astral-sh/uv/releases/download/0.12.4/uv-x86_64-unknown-linux-musl.tar.gz"
url_api = "https://api.github.com/repos/astral-sh/uv/releases/assets/513521278"
provenance = "github-attestations"

[tools.uv."platforms.linux-x64-musl-baseline"]
checksum = "sha256:7aef04898775585d636424e52053e5328f2b1779175d5cb47665ff9d7524e8e7"
url = "https://github.com/astral-sh/uv/releases/download/0.12.4/uv-x86_64-unknown-linux-musl.tar.gz"
url_api = "https://api.github.com/repos/astral-sh/uv/releases/assets/513521278"
provenance = "github-attestations"

[[tools.vite-plus]]
version = "0.2.9"
backend = "github:voidzero-dev/vite-plus"

[tools.vite-plus.options]
matching = "vp"

[tools.vite-plus."platforms.linux-x64"]
checksum = "sha256:51c66dac43f2e750dce9ad512cc3e7008dd3d1a3304dd99818dea01bd38b97be"
url = "https://github.com/voidzero-dev/vite-plus/releases/download/v0.2.9/vp-x86_64-unknown-linux-gnu.tar.gz"
url_api = "https://api.github.com/repos/voidzero-dev/vite-plus/releases/assets/510977987"
provenance = "github-attestations"
provenance_verified = true

[tools.vite-plus."platforms.linux-x64-baseline"]
checksum = "sha256:51c66dac43f2e750dce9ad512cc3e7008dd3d1a3304dd99818dea01bd38b97be"
url = "https://github.com/voidzero-dev/vite-plus/releases/download/v0.2.9/vp-x86_64-unknown-linux-gnu.tar.gz"
url_api = "https://api.github.com/repos/voidzero-dev/vite-plus/releases/assets/510977987"
provenance = "github-attestations"

[tools.vite-plus."platforms.linux-x64-musl"]
checksum = "sha256:71328a4c6cefbc4cc2c9f7c729855ed3f7c7f44865cf9c926c62d0d74f76ccc8"
url = "https://github.com/voidzero-dev/vite-plus/releases/download/v0.2.9/vp-x86_64-unknown-linux-musl.tar.gz"
url_api = "https://api.github.com/repos/voidzero-dev/vite-plus/releases/assets/510977989"
provenance = "github-attestations"

[tools.vite-plus."platforms.linux-x64-musl-baseline"]
checksum = "sha256:71328a4c6cefbc4cc2c9f7c729855ed3f7c7f44865cf9c926c62d0d74f76ccc8"
url = "https://github.com/voidzero-dev/vite-plus/releases/download/v0.2.9/vp-x86_64-unknown-linux-musl.tar.gz"
url_api = "https://api.github.com/repos/voidzero-dev/vite-plus/releases/assets/510977989"
provenance = "github-attestations"

[[tools.watchexec]]
version = "2.5.1"
backend = "aqua:watchexec/watchexec"

[tools.watchexec."platforms.linux-x64"]
checksum = "sha256:cafc381f74e95f8e93e796ef590c7cbbf3409dda6d56cf3dee6109c10e5188ee"
url = "https://github.com/watchexec/watchexec/releases/download/v2.5.1/watchexec-2.5.1-x86_64-unknown-linux-gnu.tar.xz"
url_api = "https://api.github.com/repos/watchexec/watchexec/releases/assets/384489923"

[tools.watchexec."platforms.linux-x64-baseline"]
checksum = "sha256:cafc381f74e95f8e93e796ef590c7cbbf3409dda6d56cf3dee6109c10e5188ee"
url = "https://github.com/watchexec/watchexec/releases/download/v2.5.1/watchexec-2.5.1-x86_64-unknown-linux-gnu.tar.xz"
url_api = "https://api.github.com/repos/watchexec/watchexec/releases/assets/384489923"

[tools.watchexec."platforms.linux-x64-musl"]
checksum = "sha256:9efabd08de720c1ee7e57b487fe11904f0966828e76146e2b5ea5deee90626be"
url = "https://github.com/watchexec/watchexec/releases/download/v2.5.1/watchexec-2.5.1-x86_64-unknown-linux-musl.tar.xz"
url_api = "https://api.github.com/repos/watchexec/watchexec/releases/assets/384489936"

[tools.watchexec."platforms.linux-x64-musl-baseline"]
checksum = "sha256:9efabd08de720c1ee7e57b487fe11904f0966828e76146e2b5ea5deee90626be"
url = "https://github.com/watchexec/watchexec/releases/download/v2.5.1/watchexec-2.5.1-x86_64-unknown-linux-musl.tar.xz"
url_api = "https://api.github.com/repos/watchexec/watchexec/releases/assets/384489936"
